// !$*UTF8*$!
{
	archiveVersion = 1;
	classes = {
	};
	objectVersion = 42;
	objects = {

/* Begin PBXBuildFile section */
		5950673010BE827C00846DA7 /* Checkmark.png in Resources */ = {isa = PBXBuildFile; fileRef = 5950672F10BE827C00846DA7 /* Checkmark.png */; };
		595F756D109F3B970024974D /* EjectionFractionWorkflow.h in Headers */ = {isa = PBXBuildFile; fileRef = 595F756B109F3B970024974D /* EjectionFractionWorkflow.h */; };
		595F756E109F3B970024974D /* EjectionFractionWorkflow.mm in Sources */ = {isa = PBXBuildFile; fileRef = 595F756C109F3B970024974D /* EjectionFractionWorkflow.mm */; };
		596DF1FA10B59936006351CD /* EjectionFractionWorkflow+OsiriX.h in Headers */ = {isa = PBXBuildFile; fileRef = 596DF1F810B59936006351CD /* EjectionFractionWorkflow+OsiriX.h */; };
		596DF1FB10B59936006351CD /* EjectionFractionWorkflow+OsiriX.mm in Sources */ = {isa = PBXBuildFile; fileRef = 596DF1F910B59936006351CD /* EjectionFractionWorkflow+OsiriX.mm */; };
		5987F5D3103018A5006D39F5 /* Ejection_Fraction_Prefix.pch in Headers */ = {isa = PBXBuildFile; fileRef = 5987F5D2103018A5006D39F5 /* Ejection_Fraction_Prefix.pch */; };
		5987F605103019B0006D39F5 /* EjectionFractionPlugin.mm in Sources */ = {isa = PBXBuildFile; fileRef = 5987F603103019B0006D39F5 /* EjectionFractionPlugin.mm */; };
		5987F606103019B0006D39F5 /* EjectionFractionPlugin.h in Headers */ = {isa = PBXBuildFile; fileRef = 5987F604103019B0006D39F5 /* EjectionFractionPlugin.h */; };
		598E525810442462005BCDC7 /* EjectionFractionSteps.xib in Resources */ = {isa = PBXBuildFile; fileRef = 598E525710442462005BCDC7 /* EjectionFractionSteps.xib */; };
		59D6010A10BEAE990024DC67 /* Arrow.png in Resources */ = {isa = PBXBuildFile; fileRef = 59D6010910BEAE990024DC67 /* Arrow.png */; };
		59D892A510B2945B00AAA0FE /* EjectionFractionAlgorithm.mm in Sources */ = {isa = PBXBuildFile; fileRef = 59D892A410B2945B00AAA0FE /* EjectionFractionAlgorithm.mm */; };
		59E603A910D918BB009C862D /* Nitrogen.framework in Frameworks */ = {isa = PBXBuildFile; fileRef = 59E603A810D918BB009C862D /* Nitrogen.framework */; };
		59E603DC10D918D5009C862D /* OsiriX Headers.framework in Frameworks */ = {isa = PBXBuildFile; fileRef = 59E603DB10D918D5009C862D /* OsiriX Headers.framework */; };
		59E60DCD10DA2C68009C862D /* EjectionFractionResults.xib in Resources */ = {isa = PBXBuildFile; fileRef = 59E60DCC10DA2C68009C862D /* EjectionFractionResults.xib */; };
		59E60F5910DB6CA1009C862D /* EjectionFractionImage.h in Headers */ = {isa = PBXBuildFile; fileRef = 59E60F5710DB6CA1009C862D /* EjectionFractionImage.h */; };
		59E60F5A10DB6CA1009C862D /* EjectionFractionImage.mm in Sources */ = {isa = PBXBuildFile; fileRef = 59E60F5810DB6CA1009C862D /* EjectionFractionImage.mm */; };
		59E8B2901046A19D00B83E7D /* EjectionFractionStepsController.mm in Sources */ = {isa = PBXBuildFile; fileRef = 59E8B28E1046A19D00B83E7D /* EjectionFractionStepsController.mm */; };
		59E8B2911046A19D00B83E7D /* EjectionFractionStepsController.h in Headers */ = {isa = PBXBuildFile; fileRef = 59E8B28F1046A19D00B83E7D /* EjectionFractionStepsController.h */; };
		59E8B2981046A1D100B83E7D /* InfoPlist.strings in Resources */ = {isa = PBXBuildFile; fileRef = 59E8B2961046A1D100B83E7D /* InfoPlist.strings */; };
		59F9AF7710C9584D008A6EF1 /* EjectionFractionResultsController.h in Headers */ = {isa = PBXBuildFile; fileRef = 59F9AF7510C9584D008A6EF1 /* EjectionFractionResultsController.h */; };
		59F9AF7810C9584D008A6EF1 /* EjectionFractionResultsController.mm in Sources */ = {isa = PBXBuildFile; fileRef = 59F9AF7610C9584D008A6EF1 /* EjectionFractionResultsController.mm */; };
		59FB4F3010A2D24400283D52 /* EjectionFractionAlgorithm.h in Headers */ = {isa = PBXBuildFile; fileRef = 59FB4F2E10A2D24400283D52 /* EjectionFractionAlgorithm.h */; };
		59FB4F4810A2D41700283D52 /* BiPlaneEjectionFractionAlgorithm.h in Headers */ = {isa = PBXBuildFile; fileRef = 59FB4F4610A2D41700283D52 /* BiPlaneEjectionFractionAlgorithm.h */; };
		59FB4F4910A2D41700283D52 /* BiPlaneEjectionFractionAlgorithm.mm in Sources */ = {isa = PBXBuildFile; fileRef = 59FB4F4710A2D41700283D52 /* BiPlaneEjectionFractionAlgorithm.mm */; };
		59FB4F5210A2D42D00283D52 /* MonoPlaneEjectionFractionAlgorithm.h in Headers */ = {isa = PBXBuildFile; fileRef = 59FB4F5010A2D42D00283D52 /* MonoPlaneEjectionFractionAlgorithm.h */; };
		59FB4F5310A2D42D00283D52 /* MonoPlaneEjectionFractionAlgorithm.mm in Sources */ = {isa = PBXBuildFile; fileRef = 59FB4F5110A2D42D00283D52 /* MonoPlaneEjectionFractionAlgorithm.mm */; };
		59FB4F5610A2D4DC00283D52 /* HemiEllipseEjectionFractionAlgorithm.h in Headers */ = {isa = PBXBuildFile; fileRef = 59FB4F5410A2D4DC00283D52 /* HemiEllipseEjectionFractionAlgorithm.h */; };
		59FB4F5710A2D4DC00283D52 /* HemiEllipseEjectionFractionAlgorithm.mm in Sources */ = {isa = PBXBuildFile; fileRef = 59FB4F5510A2D4DC00283D52 /* HemiEllipseEjectionFractionAlgorithm.mm */; };
		59FB4F5C10A2D5AD00283D52 /* SimpsonEjectionFractionAlgorithm.h in Headers */ = {isa = PBXBuildFile; fileRef = 59FB4F5A10A2D5AD00283D52 /* SimpsonEjectionFractionAlgorithm.h */; };
		59FB4F5D10A2D5AD00283D52 /* SimpsonEjectionFractionAlgorithm.mm in Sources */ = {isa = PBXBuildFile; fileRef = 59FB4F5B10A2D5AD00283D52 /* SimpsonEjectionFractionAlgorithm.mm */; };
		59FB4F7810A2D68800283D52 /* TeichholzEjectionFractionAlgorithm.h in Headers */ = {isa = PBXBuildFile; fileRef = 59FB4F7610A2D68800283D52 /* TeichholzEjectionFractionAlgorithm.h */; };
		59FB4F7910A2D68800283D52 /* TeichholzEjectionFractionAlgorithm.mm in Sources */ = {isa = PBXBuildFile; fileRef = 59FB4F7710A2D68800283D52 /* TeichholzEjectionFractionAlgorithm.mm */; };
		59FB4F9210A2ECFD00283D52 /* Monoplane.png in Resources */ = {isa = PBXBuildFile; fileRef = 59FB4F9010A2ECFD00283D52 /* Monoplane.png */; };
		59FB4F9310A2ECFD00283D52 /* Simpson.png in Resources */ = {isa = PBXBuildFile; fileRef = 59FB4F9110A2ECFD00283D52 /* Simpson.png */; };
		59FB4F9510A2ED0100283D52 /* Hemi-ellipse.png in Resources */ = {isa = PBXBuildFile; fileRef = 59FB4F9410A2ED0100283D52 /* Hemi-ellipse.png */; };
		59FB4F9710A2ED0700283D52 /* Biplane.png in Resources */ = {isa = PBXBuildFile; fileRef = 59FB4F9610A2ED0700283D52 /* Biplane.png */; };
		8D5B49B4048680CD000E48DA /* Cocoa.framework in Frameworks */ = {isa = PBXBuildFile; fileRef = 1058C7ADFEA557BF11CA2CBB /* Cocoa.framework */; };
/* End PBXBuildFile section */

/* Begin PBXContainerItemProxy section */
		59E601DC10D917A5009C862D /* PBXContainerItemProxy */ = {
			isa = PBXContainerItemProxy;
			containerPortal = 59E601D510D917A5009C862D /* Nitrogen.xcodeproj */;
			proxyType = 2;
			remoteGlobalIDString = 8DC2EF5B0486A6940098B216 /* Nitrogen.framework */;
			remoteInfo = Nitrogen;
		};
		59E6022A10D917B7009C862D /* PBXContainerItemProxy */ = {
			isa = PBXContainerItemProxy;
			containerPortal = 59E601DE10D917B6009C862D /* OsiriX.xcodeproj */;
			proxyType = 2;
			remoteGlobalIDString = ABA71D3F06726B1800335A62 /* OsiriX.app */;
			remoteInfo = OsiriX;
		};
		59E6022C10D917B7009C862D /* PBXContainerItemProxy */ = {
			isa = PBXContainerItemProxy;
			containerPortal = 59E601DE10D917B6009C862D /* OsiriX.xcodeproj */;
			proxyType = 2;
			remoteGlobalIDString = CEC70A1E10A5C845008935EA /* OsiriX Lite.app */;
			remoteInfo = "OsiriX Lite";
		};
		59E6022E10D917B7009C862D /* PBXContainerItemProxy */ = {
			isa = PBXContainerItemProxy;
			containerPortal = 59E601DE10D917B6009C862D /* OsiriX.xcodeproj */;
			proxyType = 2;
			remoteGlobalIDString = 844719AF0FD8EF50003BFDF8 /* OsiriX.framework */;
			remoteInfo = "DCM Framework";
		};
		59E6023010D917B7009C862D /* PBXContainerItemProxy */ = {
			isa = PBXContainerItemProxy;
			containerPortal = 59E601DE10D917B6009C862D /* OsiriX.xcodeproj */;
			proxyType = 2;
			remoteGlobalIDString = CE9CED810C75BD8C00752D4B /* libDCM StaticLibrary.a */;
			remoteInfo = "DCM StaticLibrary";
		};
		59E6023210D917B7009C862D /* PBXContainerItemProxy */ = {
			isa = PBXContainerItemProxy;
			containerPortal = 59E601DE10D917B6009C862D /* OsiriX.xcodeproj */;
			proxyType = 2;
			remoteGlobalIDString = AB724FF60ADE6ECB00A212A0 /* Decompress */;
			remoteInfo = Decompress;
		};
		59E6023410D917B7009C862D /* PBXContainerItemProxy */ = {
			isa = PBXContainerItemProxy;
			containerPortal = 59E601DE10D917B6009C862D /* OsiriX.xcodeproj */;
			proxyType = 2;
			remoteGlobalIDString = CEDF6DD00B46FE99008B45B8 /* DICOMPrint */;
			remoteInfo = DICOMPrint;
		};
		59E6023610D917B7009C862D /* PBXContainerItemProxy */ = {
			isa = PBXContainerItemProxy;
			containerPortal = 59E601DE10D917B6009C862D /* OsiriX.xcodeproj */;
			proxyType = 2;
			remoteGlobalIDString = CEDAAECA0C7B486A00809161 /* 32-bit shell.app */;
			remoteInfo = "32-bit shell";
		};
		59E6023810D917B7009C862D /* PBXContainerItemProxy */ = {
			isa = PBXContainerItemProxy;
			containerPortal = 59E601DE10D917B6009C862D /* OsiriX.xcodeproj */;
			proxyType = 2;
			remoteGlobalIDString = AB0F3A2C1046BD2B004129DD /* OsiriX Headers.framework */;
			remoteInfo = "OsiriX Headers";
		};
		59E6023A10D917CB009C862D /* PBXContainerItemProxy */ = {
			isa = PBXContainerItemProxy;
			containerPortal = 59E601D510D917A5009C862D /* Nitrogen.xcodeproj */;
			proxyType = 1;
			remoteGlobalIDString = 8DC2EF4F0486A6940098B216 /* Nitrogen */;
			remoteInfo = Nitrogen;
		};
		59E6023C10D917D0009C862D /* PBXContainerItemProxy */ = {
			isa = PBXContainerItemProxy;
			containerPortal = 59E601DE10D917B6009C862D /* OsiriX.xcodeproj */;
			proxyType = 1;
			remoteGlobalIDString = AB0F3A2B1046BD2B004129DD /* OsiriX Headers */;
			remoteInfo = "OsiriX Headers";
		};
/* End PBXContainerItemProxy section */

/* Begin PBXFileReference section */
		089C1672FE841209C02AAC07 /* Foundation.framework */ = {isa = PBXFileReference; lastKnownFileType = wrapper.framework; name = Foundation.framework; path = /System/Library/Frameworks/Foundation.framework; sourceTree = "<absolute>"; };
		089C167FFE841241C02AAC07 /* AppKit.framework */ = {isa = PBXFileReference; lastKnownFileType = wrapper.framework; name = AppKit.framework; path = /System/Library/Frameworks/AppKit.framework; sourceTree = "<absolute>"; };
		1058C7ADFEA557BF11CA2CBB /* Cocoa.framework */ = {isa = PBXFileReference; lastKnownFileType = wrapper.framework; name = Cocoa.framework; path = /System/Library/Frameworks/Cocoa.framework; sourceTree = "<absolute>"; };
		5950672F10BE827C00846DA7 /* Checkmark.png */ = {isa = PBXFileReference; lastKnownFileType = image.png; name = Checkmark.png; path = Resources/Checkmark.png; sourceTree = "<group>"; };
		595F756B109F3B970024974D /* EjectionFractionWorkflow.h */ = {isa = PBXFileReference; fileEncoding = 4; lastKnownFileType = sourcecode.c.h; name = EjectionFractionWorkflow.h; path = Sources/EjectionFractionWorkflow.h; sourceTree = "<group>"; };
		595F756C109F3B970024974D /* EjectionFractionWorkflow.mm */ = {isa = PBXFileReference; fileEncoding = 4; lastKnownFileType = sourcecode.cpp.objcpp; name = EjectionFractionWorkflow.mm; path = Sources/EjectionFractionWorkflow.mm; sourceTree = "<group>"; };
		596DF1F810B59936006351CD /* EjectionFractionWorkflow+OsiriX.h */ = {isa = PBXFileReference; fileEncoding = 4; lastKnownFileType = sourcecode.c.h; name = "EjectionFractionWorkflow+OsiriX.h"; path = "Sources/EjectionFractionWorkflow+OsiriX.h"; sourceTree = "<group>"; };
		596DF1F910B59936006351CD /* EjectionFractionWorkflow+OsiriX.mm */ = {isa = PBXFileReference; fileEncoding = 4; lastKnownFileType = sourcecode.cpp.objcpp; name = "EjectionFractionWorkflow+OsiriX.mm"; path = "Sources/EjectionFractionWorkflow+OsiriX.mm"; sourceTree = "<group>"; };
		5987F5D2103018A5006D39F5 /* Ejection_Fraction_Prefix.pch */ = {isa = PBXFileReference; fileEncoding = 4; lastKnownFileType = sourcecode.c.h; name = Ejection_Fraction_Prefix.pch; path = Sources/Ejection_Fraction_Prefix.pch; sourceTree = "<group>"; };
		5987F5D8103018C4006D39F5 /* Info.plist */ = {isa = PBXFileReference; fileEncoding = 4; lastKnownFileType = text.plist.xml; name = Info.plist; path = Resources/Info.plist; sourceTree = "<group>"; };
		5987F603103019B0006D39F5 /* EjectionFractionPlugin.mm */ = {isa = PBXFileReference; fileEncoding = 4; lastKnownFileType = sourcecode.cpp.objcpp; name = EjectionFractionPlugin.mm; path = Sources/EjectionFractionPlugin.mm; sourceTree = "<group>"; };
		5987F604103019B0006D39F5 /* EjectionFractionPlugin.h */ = {isa = PBXFileReference; fileEncoding = 4; lastKnownFileType = sourcecode.c.h; name = EjectionFractionPlugin.h; path = Sources/EjectionFractionPlugin.h; sourceTree = "<group>"; };
		598E525710442462005BCDC7 /* EjectionFractionSteps.xib */ = {isa = PBXFileReference; lastKnownFileType = file.xib; name = EjectionFractionSteps.xib; path = Resources/EjectionFractionSteps.xib; sourceTree = "<group>"; };
		59D6010910BEAE990024DC67 /* Arrow.png */ = {isa = PBXFileReference; lastKnownFileType = image.png; name = Arrow.png; path = Resources/Arrow.png; sourceTree = "<group>"; };
		59D892A410B2945B00AAA0FE /* EjectionFractionAlgorithm.mm */ = {isa = PBXFileReference; fileEncoding = 4; lastKnownFileType = sourcecode.cpp.objcpp; name = EjectionFractionAlgorithm.mm; path = Sources/Algorithms/EjectionFractionAlgorithm.mm; sourceTree = "<group>"; };
		59E601D510D917A5009C862D /* Nitrogen.xcodeproj */ = {isa = PBXFileReference; lastKnownFileType = "wrapper.pb-project"; name = Nitrogen.xcodeproj; path = ../_externals/nitrogen/Nitrogen.xcodeproj; sourceTree = SOURCE_ROOT; };
		59E601DE10D917B6009C862D /* OsiriX.xcodeproj */ = {isa = PBXFileReference; lastKnownFileType = "wrapper.pb-project"; name = OsiriX.xcodeproj; path = ../_externals/osirix/OsiriX.xcodeproj; sourceTree = SOURCE_ROOT; };
		59E603A810D918BB009C862D /* Nitrogen.framework */ = {isa = PBXFileReference; lastKnownFileType = wrapper.framework; name = Nitrogen.framework; path = ../_externals/nitrogen/build/Development/Nitrogen.framework; sourceTree = SOURCE_ROOT; };
		59E603DB10D918D5009C862D /* OsiriX Headers.framework */ = {isa = PBXFileReference; lastKnownFileType = wrapper.framework; name = "OsiriX Headers.framework"; path = "../_externals/osirix/build/Development/OsiriX Headers.framework"; sourceTree = SOURCE_ROOT; };
		59E60DCC10DA2C68009C862D /* EjectionFractionResults.xib */ = {isa = PBXFileReference; lastKnownFileType = file.xib; name = EjectionFractionResults.xib; path = Resources/EjectionFractionResults.xib; sourceTree = "<group>"; };
		59E60F5710DB6CA1009C862D /* EjectionFractionImage.h */ = {isa = PBXFileReference; fileEncoding = 4; lastKnownFileType = sourcecode.c.h; name = EjectionFractionImage.h; path = Sources/EjectionFractionImage.h; sourceTree = "<group>"; };
		59E60F5810DB6CA1009C862D /* EjectionFractionImage.mm */ = {isa = PBXFileReference; fileEncoding = 4; lastKnownFileType = sourcecode.cpp.objcpp; name = EjectionFractionImage.mm; path = Sources/EjectionFractionImage.mm; sourceTree = "<group>"; };
		59E8B28E1046A19D00B83E7D /* EjectionFractionStepsController.mm */ = {isa = PBXFileReference; fileEncoding = 4; lastKnownFileType = sourcecode.cpp.objcpp; name = EjectionFractionStepsController.mm; path = Sources/EjectionFractionStepsController.mm; sourceTree = "<group>"; };
		59E8B28F1046A19D00B83E7D /* EjectionFractionStepsController.h */ = {isa = PBXFileReference; fileEncoding = 4; lastKnownFileType = sourcecode.c.h; name = EjectionFractionStepsController.h; path = Sources/EjectionFractionStepsController.h; sourceTree = "<group>"; };
		59E8B2971046A1D100B83E7D /* English */ = {isa = PBXFileReference; fileEncoding = 4; lastKnownFileType = text.plist.strings; name = English; path = InfoPlist.strings; sourceTree = "<group>"; };
		59F9AF7510C9584D008A6EF1 /* EjectionFractionResultsController.h */ = {isa = PBXFileReference; fileEncoding = 4; lastKnownFileType = sourcecode.c.h; name = EjectionFractionResultsController.h; path = Sources/EjectionFractionResultsController.h; sourceTree = "<group>"; };
		59F9AF7610C9584D008A6EF1 /* EjectionFractionResultsController.mm */ = {isa = PBXFileReference; fileEncoding = 4; lastKnownFileType = sourcecode.cpp.objcpp; name = EjectionFractionResultsController.mm; path = Sources/EjectionFractionResultsController.mm; sourceTree = "<group>"; };
		59FB4F2E10A2D24400283D52 /* EjectionFractionAlgorithm.h */ = {isa = PBXFileReference; fileEncoding = 4; lastKnownFileType = sourcecode.c.h; name = EjectionFractionAlgorithm.h; path = Sources/Algorithms/EjectionFractionAlgorithm.h; sourceTree = "<group>"; };
		59FB4F4610A2D41700283D52 /* BiPlaneEjectionFractionAlgorithm.h */ = {isa = PBXFileReference; fileEncoding = 4; lastKnownFileType = sourcecode.c.h; name = BiPlaneEjectionFractionAlgorithm.h; path = Sources/Algorithms/BiPlaneEjectionFractionAlgorithm.h; sourceTree = "<group>"; };
		59FB4F4710A2D41700283D52 /* BiPlaneEjectionFractionAlgorithm.mm */ = {isa = PBXFileReference; fileEncoding = 4; lastKnownFileType = sourcecode.cpp.objcpp; name = BiPlaneEjectionFractionAlgorithm.mm; path = Sources/Algorithms/BiPlaneEjectionFractionAlgorithm.mm; sourceTree = "<group>"; };
		59FB4F5010A2D42D00283D52 /* MonoPlaneEjectionFractionAlgorithm.h */ = {isa = PBXFileReference; fileEncoding = 4; lastKnownFileType = sourcecode.c.h; name = MonoPlaneEjectionFractionAlgorithm.h; path = Sources/Algorithms/MonoPlaneEjectionFractionAlgorithm.h; sourceTree = "<group>"; };
		59FB4F5110A2D42D00283D52 /* MonoPlaneEjectionFractionAlgorithm.mm */ = {isa = PBXFileReference; fileEncoding = 4; lastKnownFileType = sourcecode.cpp.objcpp; name = MonoPlaneEjectionFractionAlgorithm.mm; path = Sources/Algorithms/MonoPlaneEjectionFractionAlgorithm.mm; sourceTree = "<group>"; };
		59FB4F5410A2D4DC00283D52 /* HemiEllipseEjectionFractionAlgorithm.h */ = {isa = PBXFileReference; fileEncoding = 4; lastKnownFileType = sourcecode.c.h; name = HemiEllipseEjectionFractionAlgorithm.h; path = Sources/Algorithms/HemiEllipseEjectionFractionAlgorithm.h; sourceTree = "<group>"; };
		59FB4F5510A2D4DC00283D52 /* HemiEllipseEjectionFractionAlgorithm.mm */ = {isa = PBXFileReference; fileEncoding = 4; lastKnownFileType = sourcecode.cpp.objcpp; name = HemiEllipseEjectionFractionAlgorithm.mm; path = Sources/Algorithms/HemiEllipseEjectionFractionAlgorithm.mm; sourceTree = "<group>"; };
		59FB4F5A10A2D5AD00283D52 /* SimpsonEjectionFractionAlgorithm.h */ = {isa = PBXFileReference; fileEncoding = 4; lastKnownFileType = sourcecode.c.h; name = SimpsonEjectionFractionAlgorithm.h; path = Sources/Algorithms/SimpsonEjectionFractionAlgorithm.h; sourceTree = "<group>"; };
		59FB4F5B10A2D5AD00283D52 /* SimpsonEjectionFractionAlgorithm.mm */ = {isa = PBXFileReference; fileEncoding = 4; lastKnownFileType = sourcecode.cpp.objcpp; name = SimpsonEjectionFractionAlgorithm.mm; path = Sources/Algorithms/SimpsonEjectionFractionAlgorithm.mm; sourceTree = "<group>"; };
		59FB4F7610A2D68800283D52 /* TeichholzEjectionFractionAlgorithm.h */ = {isa = PBXFileReference; fileEncoding = 4; lastKnownFileType = sourcecode.c.h; name = TeichholzEjectionFractionAlgorithm.h; path = Sources/Algorithms/TeichholzEjectionFractionAlgorithm.h; sourceTree = "<group>"; };
		59FB4F7710A2D68800283D52 /* TeichholzEjectionFractionAlgorithm.mm */ = {isa = PBXFileReference; fileEncoding = 4; lastKnownFileType = sourcecode.cpp.objcpp; name = TeichholzEjectionFractionAlgorithm.mm; path = Sources/Algorithms/TeichholzEjectionFractionAlgorithm.mm; sourceTree = "<group>"; };
		59FB4F9010A2ECFD00283D52 /* Monoplane.png */ = {isa = PBXFileReference; lastKnownFileType = image.png; name = Monoplane.png; path = Resources/Monoplane.png; sourceTree = "<group>"; };
		59FB4F9110A2ECFD00283D52 /* Simpson.png */ = {isa = PBXFileReference; lastKnownFileType = image.png; name = Simpson.png; path = Resources/Simpson.png; sourceTree = "<group>"; };
		59FB4F9410A2ED0100283D52 /* Hemi-ellipse.png */ = {isa = PBXFileReference; lastKnownFileType = image.png; name = "Hemi-ellipse.png"; path = "Resources/Hemi-ellipse.png"; sourceTree = "<group>"; };
		59FB4F9610A2ED0700283D52 /* Biplane.png */ = {isa = PBXFileReference; lastKnownFileType = image.png; name = Biplane.png; path = Resources/Biplane.png; sourceTree = "<group>"; };
		AB5D36050680E57E00F4007A /* Ejection Fraction.osirixplugin */ = {isa = PBXFileReference; explicitFileType = wrapper.cfbundle; includeInIndex = 0; path = "Ejection Fraction.osirixplugin"; sourceTree = BUILT_PRODUCTS_DIR; };
/* End PBXFileReference section */

/* Begin PBXFrameworksBuildPhase section */
		8D5B49B3048680CD000E48DA /* Frameworks */ = {
			isa = PBXFrameworksBuildPhase;
			buildActionMask = 2147483647;
			files = (
				8D5B49B4048680CD000E48DA /* Cocoa.framework in Frameworks */,
				59E603A910D918BB009C862D /* Nitrogen.framework in Frameworks */,
				59E603DC10D918D5009C862D /* OsiriX Headers.framework in Frameworks */,
			);
			runOnlyForDeploymentPostprocessing = 0;
		};
/* End PBXFrameworksBuildPhase section */

/* Begin PBXGroup section */
		089C166AFE841209C02AAC07 /* EjectionFractionII */ = {
			isa = PBXGroup;
			children = (
				5987F5D2103018A5006D39F5 /* Ejection_Fraction_Prefix.pch */,
				5987F5D110301898006D39F5 /* Sources */,
				089C167CFE841241C02AAC07 /* Resources */,
				089C1671FE841209C02AAC07 /* Frameworks and Libraries */,
				19C28FB8FE9D52D311CA2CBB /* Products */,
			);
			name = EjectionFractionII;
			sourceTree = "<group>";
		};
		089C1671FE841209C02AAC07 /* Frameworks and Libraries */ = {
			isa = PBXGroup;
			children = (
				089C1672FE841209C02AAC07 /* Foundation.framework */,
				089C167FFE841241C02AAC07 /* AppKit.framework */,
				1058C7ADFEA557BF11CA2CBB /* Cocoa.framework */,
				59E601D510D917A5009C862D /* Nitrogen.xcodeproj */,
				59E603A810D918BB009C862D /* Nitrogen.framework */,
				59E601DE10D917B6009C862D /* OsiriX.xcodeproj */,
				59E603DB10D918D5009C862D /* OsiriX Headers.framework */,
			);
			name = "Frameworks and Libraries";
			sourceTree = "<group>";
		};
		089C167CFE841241C02AAC07 /* Resources */ = {
			isa = PBXGroup;
			children = (
				59FB4F9610A2ED0700283D52 /* Biplane.png */,
				59FB4F9010A2ECFD00283D52 /* Monoplane.png */,
				59FB4F9410A2ED0100283D52 /* Hemi-ellipse.png */,
				59FB4F9110A2ECFD00283D52 /* Simpson.png */,
				598E525710442462005BCDC7 /* EjectionFractionSteps.xib */,
				59E60DCC10DA2C68009C862D /* EjectionFractionResults.xib */,
				5987F5D8103018C4006D39F5 /* Info.plist */,
				59D6010910BEAE990024DC67 /* Arrow.png */,
				5950672F10BE827C00846DA7 /* Checkmark.png */,
				59E8B2951046A1D100B83E7D /* English.lproj */,
			);
			name = Resources;
			sourceTree = "<group>";
		};
		19C28FB8FE9D52D311CA2CBB /* Products */ = {
			isa = PBXGroup;
			children = (
				AB5D36050680E57E00F4007A /* Ejection Fraction.osirixplugin */,
			);
			name = Products;
			sourceTree = "<group>";
		};
		5987F5D110301898006D39F5 /* Sources */ = {
			isa = PBXGroup;
			children = (
				5987F604103019B0006D39F5 /* EjectionFractionPlugin.h */,
				5987F603103019B0006D39F5 /* EjectionFractionPlugin.mm */,
				595F756B109F3B970024974D /* EjectionFractionWorkflow.h */,
				595F756C109F3B970024974D /* EjectionFractionWorkflow.mm */,
				596DF1F810B59936006351CD /* EjectionFractionWorkflow+OsiriX.h */,
				596DF1F910B59936006351CD /* EjectionFractionWorkflow+OsiriX.mm */,
				59E8B28F1046A19D00B83E7D /* EjectionFractionStepsController.h */,
				59E8B28E1046A19D00B83E7D /* EjectionFractionStepsController.mm */,
				59F9AF7510C9584D008A6EF1 /* EjectionFractionResultsController.h */,
				59F9AF7610C9584D008A6EF1 /* EjectionFractionResultsController.mm */,
				59E60F5710DB6CA1009C862D /* EjectionFractionImage.h */,
				59E60F5810DB6CA1009C862D /* EjectionFractionImage.mm */,
				59FB4F1510A2D22400283D52 /* Algorithms */,
			);
			name = Sources;
			sourceTree = "<group>";
		};
		59E601D610D917A5009C862D /* Products */ = {
			isa = PBXGroup;
			children = (
				59E601DD10D917A5009C862D /* Nitrogen.framework */,
			);
			name = Products;
			sourceTree = "<group>";
		};
		59E601DF10D917B6009C862D /* Products */ = {
			isa = PBXGroup;
			children = (
				59E6022B10D917B7009C862D /* OsiriX.app */,
				59E6022D10D917B7009C862D /* OsiriX Lite.app */,
				59E6022F10D917B7009C862D /* OsiriX.framework */,
				59E6023110D917B7009C862D /* libDCM StaticLibrary.a */,
				59E6023310D917B7009C862D /* Decompress */,
				59E6023510D917B7009C862D /* DICOMPrint */,
				59E6023710D917B7009C862D /* 32-bit shell.app */,
				59E6023910D917B7009C862D /* OsiriX Headers.framework */,
			);
			name = Products;
			sourceTree = "<group>";
		};
		59E8B2951046A1D100B83E7D /* English.lproj */ = {
			isa = PBXGroup;
			children = (
				59E8B2961046A1D100B83E7D /* InfoPlist.strings */,
			);
			name = English.lproj;
			path = Resources/English.lproj;
			sourceTree = "<group>";
		};
		59FB4F1510A2D22400283D52 /* Algorithms */ = {
			isa = PBXGroup;
			children = (
				59FB4F5010A2D42D00283D52 /* MonoPlaneEjectionFractionAlgorithm.h */,
				59FB4F5110A2D42D00283D52 /* MonoPlaneEjectionFractionAlgorithm.mm */,
				59FB4F4610A2D41700283D52 /* BiPlaneEjectionFractionAlgorithm.h */,
				59FB4F4710A2D41700283D52 /* BiPlaneEjectionFractionAlgorithm.mm */,
				59FB4F5410A2D4DC00283D52 /* HemiEllipseEjectionFractionAlgorithm.h */,
				59FB4F5510A2D4DC00283D52 /* HemiEllipseEjectionFractionAlgorithm.mm */,
				59FB4F5A10A2D5AD00283D52 /* SimpsonEjectionFractionAlgorithm.h */,
				59FB4F5B10A2D5AD00283D52 /* SimpsonEjectionFractionAlgorithm.mm */,
				59FB4F7610A2D68800283D52 /* TeichholzEjectionFractionAlgorithm.h */,
				59FB4F7710A2D68800283D52 /* TeichholzEjectionFractionAlgorithm.mm */,
				59FB4F2E10A2D24400283D52 /* EjectionFractionAlgorithm.h */,
				59D892A410B2945B00AAA0FE /* EjectionFractionAlgorithm.mm */,
			);
			name = Algorithms;
			sourceTree = "<group>";
		};
/* End PBXGroup section */

/* Begin PBXHeadersBuildPhase section */
		8D5B49AD048680CD000E48DA /* Headers */ = {
			isa = PBXHeadersBuildPhase;
			buildActionMask = 2147483647;
			files = (
				5987F5D3103018A5006D39F5 /* Ejection_Fraction_Prefix.pch in Headers */,
				5987F606103019B0006D39F5 /* EjectionFractionPlugin.h in Headers */,
				59E8B2911046A19D00B83E7D /* EjectionFractionStepsController.h in Headers */,
				595F756D109F3B970024974D /* EjectionFractionWorkflow.h in Headers */,
				59FB4F3010A2D24400283D52 /* EjectionFractionAlgorithm.h in Headers */,
				59FB4F4810A2D41700283D52 /* BiPlaneEjectionFractionAlgorithm.h in Headers */,
				59FB4F5210A2D42D00283D52 /* MonoPlaneEjectionFractionAlgorithm.h in Headers */,
				59FB4F5610A2D4DC00283D52 /* HemiEllipseEjectionFractionAlgorithm.h in Headers */,
				59FB4F5C10A2D5AD00283D52 /* SimpsonEjectionFractionAlgorithm.h in Headers */,
				59FB4F7810A2D68800283D52 /* TeichholzEjectionFractionAlgorithm.h in Headers */,
				596DF1FA10B59936006351CD /* EjectionFractionWorkflow+OsiriX.h in Headers */,
				59F9AF7710C9584D008A6EF1 /* EjectionFractionResultsController.h in Headers */,
				59E60F5910DB6CA1009C862D /* EjectionFractionImage.h in Headers */,
			);
			runOnlyForDeploymentPostprocessing = 0;
		};
/* End PBXHeadersBuildPhase section */

/* Begin PBXNativeTarget section */
		8D5B49AC048680CD000E48DA /* Ejection Fraction II */ = {
			isa = PBXNativeTarget;
			buildConfigurationList = CE6A9A9008AC841300D0C1EE /* Build configuration list for PBXNativeTarget "Ejection Fraction II" */;
			buildPhases = (
				8D5B49AD048680CD000E48DA /* Headers */,
				8D5B49AF048680CD000E48DA /* Resources */,
				8D5B49B1048680CD000E48DA /* Sources */,
				8D5B49B3048680CD000E48DA /* Frameworks */,
				8D5B49B5048680CD000E48DA /* Rez */,
			);
			buildRules = (
			);
			dependencies = (
				59E6023B10D917CB009C862D /* PBXTargetDependency */,
				59E6023D10D917D0009C862D /* PBXTargetDependency */,
			);
			name = "Ejection Fraction II";
			productInstallPath = "$(HOME)/Library/Bundles";
			productName = Invert;
			productReference = AB5D36050680E57E00F4007A /* Ejection Fraction.osirixplugin */;
			productType = "com.apple.product-type.bundle";
		};
/* End PBXNativeTarget section */

/* Begin PBXProject section */
		089C1669FE841209C02AAC07 /* Project object */ = {
			isa = PBXProject;
			buildConfigurationList = CE6A9A9408AC841300D0C1EE /* Build configuration list for PBXProject "Ejection Fraction II" */;
			compatibilityVersion = "Xcode 2.4";
			hasScannedForEncodings = 1;
			mainGroup = 089C166AFE841209C02AAC07 /* EjectionFractionII */;
			projectDirPath = "";
			projectReferences = (
				{
					ProductGroup = 59E601D610D917A5009C862D /* Products */;
					ProjectRef = 59E601D510D917A5009C862D /* Nitrogen.xcodeproj */;
				},
				{
					ProductGroup = 59E601DF10D917B6009C862D /* Products */;
					ProjectRef = 59E601DE10D917B6009C862D /* OsiriX.xcodeproj */;
				},
			);
			projectRoot = "";
			targets = (
				8D5B49AC048680CD000E48DA /* Ejection Fraction II */,
			);
		};
/* End PBXProject section */

/* Begin PBXReferenceProxy section */
		59E601DD10D917A5009C862D /* Nitrogen.framework */ = {
			isa = PBXReferenceProxy;
			fileType = wrapper.framework;
			path = Nitrogen.framework;
			remoteRef = 59E601DC10D917A5009C862D /* PBXContainerItemProxy */;
			sourceTree = BUILT_PRODUCTS_DIR;
		};
		59E6022B10D917B7009C862D /* OsiriX.app */ = {
			isa = PBXReferenceProxy;
			fileType = wrapper.application;
			path = OsiriX.app;
			remoteRef = 59E6022A10D917B7009C862D /* PBXContainerItemProxy */;
			sourceTree = BUILT_PRODUCTS_DIR;
		};
		59E6022D10D917B7009C862D /* OsiriX Lite.app */ = {
			isa = PBXReferenceProxy;
			fileType = wrapper.application;
			path = "OsiriX Lite.app";
			remoteRef = 59E6022C10D917B7009C862D /* PBXContainerItemProxy */;
			sourceTree = BUILT_PRODUCTS_DIR;
		};
		59E6022F10D917B7009C862D /* OsiriX.framework */ = {
			isa = PBXReferenceProxy;
			fileType = wrapper.framework;
			path = OsiriX.framework;
			remoteRef = 59E6022E10D917B7009C862D /* PBXContainerItemProxy */;
			sourceTree = BUILT_PRODUCTS_DIR;
		};
		59E6023110D917B7009C862D /* libDCM StaticLibrary.a */ = {
			isa = PBXReferenceProxy;
			fileType = archive.ar;
			path = "libDCM StaticLibrary.a";
			remoteRef = 59E6023010D917B7009C862D /* PBXContainerItemProxy */;
			sourceTree = BUILT_PRODUCTS_DIR;
		};
		59E6023310D917B7009C862D /* Decompress */ = {
			isa = PBXReferenceProxy;
			fileType = "compiled.mach-o.executable";
			path = Decompress;
			remoteRef = 59E6023210D917B7009C862D /* PBXContainerItemProxy */;
			sourceTree = BUILT_PRODUCTS_DIR;
		};
		59E6023510D917B7009C862D /* DICOMPrint */ = {
			isa = PBXReferenceProxy;
			fileType = "compiled.mach-o.executable";
			path = DICOMPrint;
			remoteRef = 59E6023410D917B7009C862D /* PBXContainerItemProxy */;
			sourceTree = BUILT_PRODUCTS_DIR;
		};
		59E6023710D917B7009C862D /* 32-bit shell.app */ = {
			isa = PBXReferenceProxy;
			fileType = wrapper.application;
			path = "32-bit shell.app";
			remoteRef = 59E6023610D917B7009C862D /* PBXContainerItemProxy */;
			sourceTree = BUILT_PRODUCTS_DIR;
		};
		59E6023910D917B7009C862D /* OsiriX Headers.framework */ = {
			isa = PBXReferenceProxy;
			fileType = wrapper.framework;
			path = "OsiriX Headers.framework";
			remoteRef = 59E6023810D917B7009C862D /* PBXContainerItemProxy */;
			sourceTree = BUILT_PRODUCTS_DIR;
		};
/* End PBXReferenceProxy section */

/* Begin PBXResourcesBuildPhase section */
		8D5B49AF048680CD000E48DA /* Resources */ = {
			isa = PBXResourcesBuildPhase;
			buildActionMask = 2147483647;
			files = (
				598E525810442462005BCDC7 /* EjectionFractionSteps.xib in Resources */,
				59E8B2981046A1D100B83E7D /* InfoPlist.strings in Resources */,
				59FB4F9210A2ECFD00283D52 /* Monoplane.png in Resources */,
				59FB4F9310A2ECFD00283D52 /* Simpson.png in Resources */,
				59FB4F9510A2ED0100283D52 /* Hemi-ellipse.png in Resources */,
				59FB4F9710A2ED0700283D52 /* Biplane.png in Resources */,
				5950673010BE827C00846DA7 /* Checkmark.png in Resources */,
				59D6010A10BEAE990024DC67 /* Arrow.png in Resources */,
				59E60DCD10DA2C68009C862D /* EjectionFractionResults.xib in Resources */,
			);
			runOnlyForDeploymentPostprocessing = 0;
		};
/* End PBXResourcesBuildPhase section */

/* Begin PBXRezBuildPhase section */
		8D5B49B5048680CD000E48DA /* Rez */ = {
			isa = PBXRezBuildPhase;
			buildActionMask = 2147483647;
			files = (
			);
			runOnlyForDeploymentPostprocessing = 0;
		};
/* End PBXRezBuildPhase section */

/* Begin PBXSourcesBuildPhase section */
		8D5B49B1048680CD000E48DA /* Sources */ = {
			isa = PBXSourcesBuildPhase;
			buildActionMask = 2147483647;
			files = (
				5987F605103019B0006D39F5 /* EjectionFractionPlugin.mm in Sources */,
				59E8B2901046A19D00B83E7D /* EjectionFractionStepsController.mm in Sources */,
				595F756E109F3B970024974D /* EjectionFractionWorkflow.mm in Sources */,
				59FB4F4910A2D41700283D52 /* BiPlaneEjectionFractionAlgorithm.mm in Sources */,
				59FB4F5310A2D42D00283D52 /* MonoPlaneEjectionFractionAlgorithm.mm in Sources */,
				59FB4F5710A2D4DC00283D52 /* HemiEllipseEjectionFractionAlgorithm.mm in Sources */,
				59FB4F5D10A2D5AD00283D52 /* SimpsonEjectionFractionAlgorithm.mm in Sources */,
				59FB4F7910A2D68800283D52 /* TeichholzEjectionFractionAlgorithm.mm in Sources */,
				59D892A510B2945B00AAA0FE /* EjectionFractionAlgorithm.mm in Sources */,
				596DF1FB10B59936006351CD /* EjectionFractionWorkflow+OsiriX.mm in Sources */,
				59F9AF7810C9584D008A6EF1 /* EjectionFractionResultsController.mm in Sources */,
				59E60F5A10DB6CA1009C862D /* EjectionFractionImage.mm in Sources */,
			);
			runOnlyForDeploymentPostprocessing = 0;
		};
/* End PBXSourcesBuildPhase section */

/* Begin PBXTargetDependency section */
		59E6023B10D917CB009C862D /* PBXTargetDependency */ = {
			isa = PBXTargetDependency;
			name = Nitrogen;
			targetProxy = 59E6023A10D917CB009C862D /* PBXContainerItemProxy */;
		};
		59E6023D10D917D0009C862D /* PBXTargetDependency */ = {
			isa = PBXTargetDependency;
			name = "OsiriX Headers";
			targetProxy = 59E6023C10D917D0009C862D /* PBXContainerItemProxy */;
		};
/* End PBXTargetDependency section */

/* Begin PBXVariantGroup section */
		59E8B2961046A1D100B83E7D /* InfoPlist.strings */ = {
			isa = PBXVariantGroup;
			children = (
				59E8B2971046A1D100B83E7D /* English */,
			);
			name = InfoPlist.strings;
			sourceTree = "<group>";
		};
/* End PBXVariantGroup section */

/* Begin XCBuildConfiguration section */
		CE6A9A9108AC841300D0C1EE /* Development */ = {
			isa = XCBuildConfiguration;
			buildSettings = {
				ARCHS = "$(ARCHS_STANDARD_32_64_BIT_PRE_XCODE_3_1)";
				ARCHS_STANDARD_32_64_BIT_PRE_XCODE_3_1 = "x86_64 i386 ppc";
				COPY_PHASE_STRIP = NO;
				DEBUG = YES;
				DEBUGGING_SYMBOLS = YES;
				FRAMEWORK_SEARCH_PATHS = (
					"$(inherited)",
					"$(FRAMEWORK_SEARCH_PATHS_QUOTED_FOR_TARGET_1)",
					"$(FRAMEWORK_SEARCH_PATHS_QUOTED_FOR_TARGET_2)",
					"$(FRAMEWORK_SEARCH_PATHS_QUOTED_FOR_TARGET_1)",
					"$(FRAMEWORK_SEARCH_PATHS_QUOTED_FOR_TARGET_3)",
					"$(FRAMEWORK_SEARCH_PATHS_QUOTED_FOR_TARGET_4)",
					"$(FRAMEWORK_SEARCH_PATHS_QUOTED_FOR_TARGET_5)",
					"$(FRAMEWORK_SEARCH_PATHS_QUOTED_FOR_TARGET_6)",
					"$(FRAMEWORK_SEARCH_PATHS_QUOTED_FOR_TARGET_7)",
					"$(FRAMEWORK_SEARCH_PATHS_QUOTED_FOR_TARGET_8)",
				);
				FRAMEWORK_SEARCH_PATHS_QUOTED_FOR_TARGET_1 = "\"$(SRCROOT)/../../nitrogen/build/Release\"";
				FRAMEWORK_SEARCH_PATHS_QUOTED_FOR_TARGET_2 = "\"$(SRCROOT)/../../osirix/build/Development\"";
				FRAMEWORK_SEARCH_PATHS_QUOTED_FOR_TARGET_3 = "\"$(SRCROOT)/../../nitrogen/build/Development\"";
				FRAMEWORK_SEARCH_PATHS_QUOTED_FOR_TARGET_4 = "\"$(SRCROOT)/../../osirix/build/Development\"";
				FRAMEWORK_SEARCH_PATHS_QUOTED_FOR_TARGET_5 = "\"$(SRCROOT)/../../osirix/nitrogen/build/Development\"";
				FRAMEWORK_SEARCH_PATHS_QUOTED_FOR_TARGET_6 = "\"$(SRCROOT)/../../osirix/osirix/build/Development\"";
				FRAMEWORK_SEARCH_PATHS_QUOTED_FOR_TARGET_7 = "\"$(SRCROOT)/../_externals/nitrogen/build/Development\"";
				FRAMEWORK_SEARCH_PATHS_QUOTED_FOR_TARGET_8 = "\"$(SRCROOT)/../_externals/osirix/build/Development\"";
				GCC_C_LANGUAGE_STANDARD = gnu99;
				GCC_DYNAMIC_NO_PIC = NO;
				GCC_ENABLE_FIX_AND_CONTINUE = YES;
				GCC_ENABLE_TRIGRAPHS = NO;
				GCC_GENERATE_DEBUGGING_SYMBOLS = YES;
				GCC_OPTIMIZATION_LEVEL = 0;
				GCC_PRECOMPILE_PREFIX_HEADER = YES;
				GCC_PREFIX_HEADER = Sources/Ejection_Fraction_Prefix.pch;
				GCC_WARN_FOUR_CHARACTER_CONSTANTS = NO;
				GCC_WARN_UNKNOWN_PRAGMAS = NO;
				HEADER_SEARCH_PATHS = "";
				INFOPLIST_FILE = Resources/Info.plist;
				INSTALL_PATH = "@executable_path/../Plug-ins";
				LIBRARY_SEARCH_PATHS = "";
				LIBRARY_STYLE = Bundle;
				MACOSX_DEPLOYMENT_TARGET = 10.5;
				OTHER_CFLAGS = "";
				OTHER_LDFLAGS = (
					"-undefined",
					dynamic_lookup,
				);
				OTHER_REZFLAGS = "";
				PRODUCT_NAME = "Ejection Fraction";
				SECTORDER_FLAGS = "";
				WARNING_CFLAGS = (
					"-Wmost",
					"-Wno-four-char-constants",
					"-Wno-unknown-pragmas",
				);
				WRAPPER_EXTENSION = osirixplugin;
				ZERO_LINK = NO;
			};
			name = Development;
		};
		CE6A9A9508AC841300D0C1EE /* Development */ = {
			isa = XCBuildConfiguration;
			buildSettings = {
				ARCHS = (
					i386,
					ppc,
					ppc64,
					x86_64,
				);
				MACOSX_DEPLOYMENT_TARGET = 10.5;
				SDKROOT = /Developer/SDKs/MacOSX10.5.sdk;
			};
			name = Development;
		};
/* End XCBuildConfiguration section */

/* Begin XCConfigurationList section */
		CE6A9A9008AC841300D0C1EE /* Build configuration list for PBXNativeTarget "Ejection Fraction II" */ = {
			isa = XCConfigurationList;
			buildConfigurations = (
				CE6A9A9108AC841300D0C1EE /* Development */,
			);
			defaultConfigurationIsVisible = 0;
			defaultConfigurationName = Development;
		};
		CE6A9A9408AC841300D0C1EE /* Build configuration list for PBXProject "Ejection Fraction II" */ = {
			isa = XCConfigurationList;
			buildConfigurations = (
				CE6A9A9508AC841300D0C1EE /* Development */,
			);
			defaultConfigurationIsVisible = 0;
			defaultConfigurationName = Development;
		};
/* End XCConfigurationList section */
	};
	rootObject = 089C1669FE841209C02AAC07 /* Project object */;
}
