// !$*UTF8*$!
{
	archiveVersion = 1;
	classes = {
	};
	objectVersion = 46;
	objects = {

/* Begin PBXAggregateTarget section */
		59EBE42112B8A8B500809C61 /* Unzip Libs */ = {
			isa = PBXAggregateTarget;
			buildConfigurationList = 59EBE42E12B8A8E100809C61 /* Build configuration list for PBXAggregateTarget "Unzip Libs" */;
			buildPhases = (
				59EBE42012B8A8B500809C61 /* ShellScript */,
			);
			dependencies = (
			);
			name = "Unzip Libs";
			productName = "Unzip Libs";
		};
/* End PBXAggregateTarget section */

/* Begin PBXBuildFile section */
		5900F6591190668C001E899B /* DiscPublishingToolAppDelegate.mm in Sources */ = {isa = PBXBuildFile; fileRef = 59FCD7B011905E78007B28E0 /* DiscPublishingToolAppDelegate.mm */; };
		5900F65C119066A7001E899B /* DiscPublishingJob.mm in Sources */ = {isa = PBXBuildFile; fileRef = 59E381C91177177900E84FE3 /* DiscPublishingJob.mm */; };
		5900F65D119066AB001E899B /* DiscPublisher.mm in Sources */ = {isa = PBXBuildFile; fileRef = 5912043F1137C739002D9163 /* DiscPublisher.mm */; };
		5900F66211906723001E899B /* DiscPublisher+Constants.mm in Sources */ = {isa = PBXBuildFile; fileRef = 5912043D1137C739002D9163 /* DiscPublisher+Constants.mm */; };
		5900F6631190672B001E899B /* DiscPublisherJob.mm in Sources */ = {isa = PBXBuildFile; fileRef = 591204411137C739002D9163 /* DiscPublisherJob.mm */; };
		5900F66411906732001E899B /* DiscPublisherRobot.mm in Sources */ = {isa = PBXBuildFile; fileRef = 591204431137C739002D9163 /* DiscPublisherRobot.mm */; };
		5900F66511906736001E899B /* DiscPublisherStatus.mm in Sources */ = {isa = PBXBuildFile; fileRef = 591204451137C739002D9163 /* DiscPublisherStatus.mm */; };
		5900F66A1190676E001E899B /* JobManager.framework in Frameworks */ = {isa = PBXBuildFile; fileRef = 59E384241178868500E84FE3 /* JobManager.framework */; };
		5900F66D11906776001E899B /* JobProcessor.framework in Frameworks */ = {isa = PBXBuildFile; fileRef = 59E384251178868500E84FE3 /* JobProcessor.framework */; };
		5900F6701190677F001E899B /* PTRobot.framework in Frameworks */ = {isa = PBXBuildFile; fileRef = 59E384261178868500E84FE3 /* PTRobot.framework */; };
		5900F68011906784001E899B /* as_storage.framework in Frameworks */ = {isa = PBXBuildFile; fileRef = 59E384231178868500E84FE3 /* as_storage.framework */; };
		5900F7CA11906B1E001E899B /* DiscPublishingToolApplication.xib in Resources */ = {isa = PBXBuildFile; fileRef = 5900F7C911906B1E001E899B /* DiscPublishingToolApplication.xib */; };
		5900F90F11916356001E899B /* JobManager.framework in Copy Frameworks */ = {isa = PBXBuildFile; fileRef = 59E384241178868500E84FE3 /* JobManager.framework */; };
		5900F91011916356001E899B /* JobProcessor.framework in Copy Frameworks */ = {isa = PBXBuildFile; fileRef = 59E384251178868500E84FE3 /* JobProcessor.framework */; };
		5900F91111916356001E899B /* PTRobot.framework in Copy Frameworks */ = {isa = PBXBuildFile; fileRef = 59E384261178868500E84FE3 /* PTRobot.framework */; };
		5900F91211916356001E899B /* as_storage.framework in Copy Frameworks */ = {isa = PBXBuildFile; fileRef = 59E384231178868500E84FE3 /* as_storage.framework */; };
		5920D20C1199A80F003BCC5E /* DiscPublishingTasksManager.h in Headers */ = {isa = PBXBuildFile; fileRef = 5920D20A1199A80F003BCC5E /* DiscPublishingTasksManager.h */; };
		5920D20D1199A80F003BCC5E /* DiscPublishingTasksManager.mm in Sources */ = {isa = PBXBuildFile; fileRef = 5920D20B1199A80F003BCC5E /* DiscPublishingTasksManager.mm */; };
		59381811142C602600D14DC6 /* DiscPublishingUtils.h in Headers */ = {isa = PBXBuildFile; fileRef = 5938180F142C602600D14DC6 /* DiscPublishingUtils.h */; };
		59381812142C602600D14DC6 /* DiscPublishingUtils.m in Sources */ = {isa = PBXBuildFile; fileRef = 59381810142C602600D14DC6 /* DiscPublishingUtils.m */; };
		59381813142C602600D14DC6 /* DiscPublishingUtils.m in Sources */ = {isa = PBXBuildFile; fileRef = 59381810142C602600D14DC6 /* DiscPublishingUtils.m */; };
		5956BB7711D380350016EF6D /* DiscPublishingPreferencesController+RobotOptions.mm in Sources */ = {isa = PBXBuildFile; fileRef = 5956BB7611D380350016EF6D /* DiscPublishingPreferencesController+RobotOptions.mm */; };
		5956BC0F11D3A2610016EF6D /* DiscPublishingPreferencesBinView.xib in Resources */ = {isa = PBXBuildFile; fileRef = 5956BC0D11D3A2610016EF6D /* DiscPublishingPreferencesBinView.xib */; };
		5971022F113FE9A500875159 /* NSArray+DiscPublishing.h in Headers */ = {isa = PBXBuildFile; fileRef = 5971022B113FE9A500875159 /* NSArray+DiscPublishing.h */; };
		59710230113FE9A500875159 /* NSArray+DiscPublishing.mm in Sources */ = {isa = PBXBuildFile; fileRef = 5971022C113FE9A500875159 /* NSArray+DiscPublishing.mm */; };
		59710242113FEA0E00875159 /* DiscPublishingFilesManager.h in Headers */ = {isa = PBXBuildFile; fileRef = 59710240113FEA0E00875159 /* DiscPublishingFilesManager.h */; };
		59710243113FEA0E00875159 /* DiscPublishingFilesManager.mm in Sources */ = {isa = PBXBuildFile; fileRef = 59710241113FEA0E00875159 /* DiscPublishingFilesManager.mm */; };
		5971024A113FEA1400875159 /* DiscPublishingPatientDisc.h in Headers */ = {isa = PBXBuildFile; fileRef = 59710244113FEA1400875159 /* DiscPublishingPatientDisc.h */; };
		5971024B113FEA1400875159 /* DiscPublishingPatientDisc.mm in Sources */ = {isa = PBXBuildFile; fileRef = 59710245113FEA1400875159 /* DiscPublishingPatientDisc.mm */; };
		5973458F1185E6AF00DA86F3 /* DiscPublishingPreferencesController.mm in Sources */ = {isa = PBXBuildFile; fileRef = 5973458E1185E6AF00DA86F3 /* DiscPublishingPreferencesController.mm */; };
		597345941185E70300DA86F3 /* Warning.png in Resources */ = {isa = PBXBuildFile; fileRef = 5994EBBB114921F4006E0DF7 /* Warning.png */; };
		5973465D1185F2FD00DA86F3 /* Icon.png in Resources */ = {isa = PBXBuildFile; fileRef = 5973465C1185F2FD00DA86F3 /* Icon.png */; };
		598C9AE61153C4BA007B7524 /* OsiriXAPI.framework in Frameworks */ = {isa = PBXBuildFile; fileRef = 598C9AE51153C4BA007B7524 /* OsiriXAPI.framework */; settings = {ATTRIBUTES = (Weak, ); }; };
		5994E8CF114690E6006E0DF7 /* OsiriX.framework in Frameworks */ = {isa = PBXBuildFile; fileRef = 5994E8CE114690E6006E0DF7 /* OsiriX.framework */; };
		59BDEF6A117DA5C7007F1F2C /* NSUserDefaultsController+DiscPublishing.h in Headers */ = {isa = PBXBuildFile; fileRef = 59BDEF68117DA5C7007F1F2C /* NSUserDefaultsController+DiscPublishing.h */; };
		59BDEF6B117DA5C7007F1F2C /* NSUserDefaultsController+DiscPublishing.mm in Sources */ = {isa = PBXBuildFile; fileRef = 59BDEF69117DA5C7007F1F2C /* NSUserDefaultsController+DiscPublishing.mm */; };
		59BDFB9C1185B7DF007F1F2C /* PreferencePanes.framework in Frameworks */ = {isa = PBXBuildFile; fileRef = 59BDFB9B1185B7DF007F1F2C /* PreferencePanes.framework */; };
		59BDFBC01185BB75007F1F2C /* DiscPublishingPreferences.xib in Resources */ = {isa = PBXBuildFile; fileRef = 59BDFBBE1185BB75007F1F2C /* DiscPublishingPreferences.xib */; };
		59BDFBC51185BE46007F1F2C /* OsiriXAPI.framework in Frameworks */ = {isa = PBXBuildFile; fileRef = 598C9AE51153C4BA007B7524 /* OsiriXAPI.framework */; settings = {ATTRIBUTES = (Weak, ); }; };
		59BDFC271185C496007F1F2C /* DiscPublishingPreferences.prefPane in Resources */ = {isa = PBXBuildFile; fileRef = 59BDFB901185B794007F1F2C /* DiscPublishingPreferences.prefPane */; };
		59DC28BA11C613E000DAD5B4 /* NSString+DiscPublishing.h in Headers */ = {isa = PBXBuildFile; fileRef = 59DC28B811C613E000DAD5B4 /* NSString+DiscPublishing.h */; };
		59DC28BB11C613E000DAD5B4 /* NSString+DiscPublishing.mm in Sources */ = {isa = PBXBuildFile; fileRef = 59DC28B911C613E000DAD5B4 /* NSString+DiscPublishing.mm */; };
		59DEC7B411995E7800E0343A /* Carbon.framework in Frameworks */ = {isa = PBXBuildFile; fileRef = 59DEC7B311995E7800E0343A /* Carbon.framework */; };
		59DEC7B511995E7800E0343A /* Carbon.framework in Frameworks */ = {isa = PBXBuildFile; fileRef = 59DEC7B311995E7800E0343A /* Carbon.framework */; };
		59E22CBC11DB6EF7009EC9B5 /* DiscPublishingPreferencesBinViewController.mm in Sources */ = {isa = PBXBuildFile; fileRef = 59E22CBB11DB6EF7009EC9B5 /* DiscPublishingPreferencesBinViewController.mm */; };
		59E37CC81173610300E84FE3 /* DiscPublishingOptions.h in Headers */ = {isa = PBXBuildFile; fileRef = 59E37CC61173610300E84FE3 /* DiscPublishingOptions.h */; };
		59E37CC91173610300E84FE3 /* DiscPublishingOptions.mm in Sources */ = {isa = PBXBuildFile; fileRef = 59E37CC71173610300E84FE3 /* DiscPublishingOptions.mm */; };
		59E37D39117457D900E84FE3 /* DiscPublishing.h in Headers */ = {isa = PBXBuildFile; fileRef = 59E37D37117457D900E84FE3 /* DiscPublishing.h */; };
		59E37D3A117457D900E84FE3 /* DiscPublishing.mm in Sources */ = {isa = PBXBuildFile; fileRef = 59E37D38117457D900E84FE3 /* DiscPublishing.mm */; };
		59E37E73117466F700E84FE3 /* Standard.dcover in Resources */ = {isa = PBXBuildFile; fileRef = 59E37E70117466F700E84FE3 /* Standard.dcover */; };
		59E381CA1177177900E84FE3 /* DiscPublishingJob.h in Headers */ = {isa = PBXBuildFile; fileRef = 59E381C81177177900E84FE3 /* DiscPublishingJob.h */; };
		59E3EFCD121A684500DD4552 /* Growl.framework in Frameworks */ = {isa = PBXBuildFile; fileRef = 59E3EFCC121A684500DD4552 /* Growl.framework */; };
		59E3EFEE121A6FC300DD4552 /* Growl.framework in Copy Frameworks */ = {isa = PBXBuildFile; fileRef = 59E3EFCC121A684500DD4552 /* Growl.framework */; };
		59F0D251131F8A2400E3F979 /* Nitrogen.framework in Frameworks */ = {isa = PBXBuildFile; fileRef = 59F0D250131F8A2400E3F979 /* Nitrogen.framework */; };
		59F0D29F131F8A3D00E3F979 /* Nitrogen.framework in Copy Frameworks */ = {isa = PBXBuildFile; fileRef = 59F0D250131F8A2400E3F979 /* Nitrogen.framework */; };
		7124006D14C573F70023BD31 /* DiscPublishingTool.h in Headers */ = {isa = PBXBuildFile; fileRef = 7124006C14C573F70023BD31 /* DiscPublishingTool.h */; };
		7124007014C575740023BD31 /* DiscPublishingTool.m in Sources */ = {isa = PBXBuildFile; fileRef = 7124006F14C575740023BD31 /* DiscPublishingTool.m */; };
		7124007114C575740023BD31 /* DiscPublishingTool.m in Sources */ = {isa = PBXBuildFile; fileRef = 7124006F14C575740023BD31 /* DiscPublishingTool.m */; };
		7124007A14C588880023BD31 /* DiscPublishingTool.app in Copy Executables */ = {isa = PBXBuildFile; fileRef = 5900F64B11906667001E899B /* DiscPublishingTool.app */; };
		8D5B49AE048680CD000E48DA /* Prefix.pch in Headers */ = {isa = PBXBuildFile; fileRef = 32DBCF630370AF2F00C91783 /* Prefix.pch */; };
/* End PBXBuildFile section */

/* Begin PBXContainerItemProxy section */
		59BDFB961185B7BE007F1F2C /* PBXContainerItemProxy */ = {
			isa = PBXContainerItemProxy;
			containerPortal = 089C1669FE841209C02AAC07 /* Project object */;
			proxyType = 1;
			remoteGlobalIDString = 59BDFB8F1185B794007F1F2C;
			remoteInfo = PreferencePane;
		};
		59C7EA521191D08500FCE244 /* PBXContainerItemProxy */ = {
			isa = PBXContainerItemProxy;
			containerPortal = 089C1669FE841209C02AAC07 /* Project object */;
			proxyType = 1;
			remoteGlobalIDString = 5900F64A11906667001E899B;
			remoteInfo = DiscPublishingTool;
		};
		59EBEBF712B8A9D100809C61 /* PBXContainerItemProxy */ = {
			isa = PBXContainerItemProxy;
			containerPortal = 089C1669FE841209C02AAC07 /* Project object */;
			proxyType = 1;
			remoteGlobalIDString = 59EBE42112B8A8B500809C61;
			remoteInfo = "Unzip Libs";
		};
		59EBEBF912B8A9DE00809C61 /* PBXContainerItemProxy */ = {
			isa = PBXContainerItemProxy;
			containerPortal = 089C1669FE841209C02AAC07 /* Project object */;
			proxyType = 1;
			remoteGlobalIDString = 59EBE42112B8A8B500809C61;
			remoteInfo = "Unzip Libs";
		};
/* End PBXContainerItemProxy section */

/* Begin PBXCopyFilesBuildPhase section */
		5900F92311916363001E899B /* Copy Frameworks */ = {
			isa = PBXCopyFilesBuildPhase;
			buildActionMask = 2147483647;
			dstPath = "";
			dstSubfolderSpec = 10;
			files = (
				59F0D29F131F8A3D00E3F979 /* Nitrogen.framework in Copy Frameworks */,
				59E3EFEE121A6FC300DD4552 /* Growl.framework in Copy Frameworks */,
				5900F90F11916356001E899B /* JobManager.framework in Copy Frameworks */,
				5900F91011916356001E899B /* JobProcessor.framework in Copy Frameworks */,
				5900F91111916356001E899B /* PTRobot.framework in Copy Frameworks */,
				5900F91211916356001E899B /* as_storage.framework in Copy Frameworks */,
			);
			name = "Copy Frameworks";
			runOnlyForDeploymentPostprocessing = 0;
		};
		59EE469513695C050002A7F8 /* Copy Frameworks */ = {
			isa = PBXCopyFilesBuildPhase;
			buildActionMask = 2147483647;
			dstPath = "";
			dstSubfolderSpec = 10;
			files = (
			);
			name = "Copy Frameworks";
			runOnlyForDeploymentPostprocessing = 0;
		};
		7124007914C588630023BD31 /* Copy Executables */ = {
			isa = PBXCopyFilesBuildPhase;
			buildActionMask = 2147483647;
			dstPath = "";
			dstSubfolderSpec = 6;
			files = (
				7124007A14C588880023BD31 /* DiscPublishingTool.app in Copy Executables */,
			);
			name = "Copy Executables";
			runOnlyForDeploymentPostprocessing = 0;
		};
/* End PBXCopyFilesBuildPhase section */

/* Begin PBXFileReference section */
		1058C7ADFEA557BF11CA2CBB /* Cocoa.framework */ = {isa = PBXFileReference; lastKnownFileType = wrapper.framework; name = Cocoa.framework; path = /System/Library/Frameworks/Cocoa.framework; sourceTree = "<absolute>"; };
		32DBCF630370AF2F00C91783 /* Prefix.pch */ = {isa = PBXFileReference; fileEncoding = 4; lastKnownFileType = sourcecode.c.h; path = Prefix.pch; sourceTree = "<group>"; };
		5900F64B11906667001E899B /* DiscPublishingTool.app */ = {isa = PBXFileReference; explicitFileType = wrapper.application; includeInIndex = 0; path = DiscPublishingTool.app; sourceTree = BUILT_PRODUCTS_DIR; };
		5900F7C611906A3C001E899B /* Info.plist */ = {isa = PBXFileReference; fileEncoding = 4; lastKnownFileType = text.plist.xml; name = Info.plist; path = Resources/Tool/Info.plist; sourceTree = "<group>"; };
		5900F7C911906B1E001E899B /* DiscPublishingToolApplication.xib */ = {isa = PBXFileReference; lastKnownFileType = file.xib; name = DiscPublishingToolApplication.xib; path = Resources/Tool/DiscPublishingToolApplication.xib; sourceTree = "<group>"; };
		591202BA1137BEC7002D9163 /* Info.plist */ = {isa = PBXFileReference; fileEncoding = 4; lastKnownFileType = text.plist.xml; name = Info.plist; path = Resources/Info.plist; sourceTree = "<group>"; };
		5912043C1137C739002D9163 /* DiscPublisher+Constants.h */ = {isa = PBXFileReference; fileEncoding = 4; lastKnownFileType = sourcecode.c.h; path = "DiscPublisher+Constants.h"; sourceTree = "<group>"; };
		5912043D1137C739002D9163 /* DiscPublisher+Constants.mm */ = {isa = PBXFileReference; fileEncoding = 4; lastKnownFileType = sourcecode.cpp.objcpp; path = "DiscPublisher+Constants.mm"; sourceTree = "<group>"; };
		5912043E1137C739002D9163 /* DiscPublisher.h */ = {isa = PBXFileReference; fileEncoding = 4; lastKnownFileType = sourcecode.c.h; path = DiscPublisher.h; sourceTree = "<group>"; };
		5912043F1137C739002D9163 /* DiscPublisher.mm */ = {isa = PBXFileReference; fileEncoding = 4; lastKnownFileType = sourcecode.cpp.objcpp; path = DiscPublisher.mm; sourceTree = "<group>"; };
		591204401137C739002D9163 /* DiscPublisherJob.h */ = {isa = PBXFileReference; fileEncoding = 4; lastKnownFileType = sourcecode.c.h; path = DiscPublisherJob.h; sourceTree = "<group>"; };
		591204411137C739002D9163 /* DiscPublisherJob.mm */ = {isa = PBXFileReference; fileEncoding = 4; lastKnownFileType = sourcecode.cpp.objcpp; path = DiscPublisherJob.mm; sourceTree = "<group>"; };
		591204421137C739002D9163 /* DiscPublisherRobot.h */ = {isa = PBXFileReference; fileEncoding = 4; lastKnownFileType = sourcecode.c.h; path = DiscPublisherRobot.h; sourceTree = "<group>"; };
		591204431137C739002D9163 /* DiscPublisherRobot.mm */ = {isa = PBXFileReference; fileEncoding = 4; lastKnownFileType = sourcecode.cpp.objcpp; path = DiscPublisherRobot.mm; sourceTree = "<group>"; };
		591204441137C739002D9163 /* DiscPublisherStatus.h */ = {isa = PBXFileReference; fileEncoding = 4; lastKnownFileType = sourcecode.c.h; path = DiscPublisherStatus.h; sourceTree = "<group>"; };
		591204451137C739002D9163 /* DiscPublisherStatus.mm */ = {isa = PBXFileReference; fileEncoding = 4; lastKnownFileType = sourcecode.cpp.objcpp; path = DiscPublisherStatus.mm; sourceTree = "<group>"; };
		5920D20A1199A80F003BCC5E /* DiscPublishingTasksManager.h */ = {isa = PBXFileReference; fileEncoding = 4; lastKnownFileType = sourcecode.c.h; name = DiscPublishingTasksManager.h; path = Classes/DiscPublishingTasksManager.h; sourceTree = "<group>"; };
		5920D20B1199A80F003BCC5E /* DiscPublishingTasksManager.mm */ = {isa = PBXFileReference; fileEncoding = 4; lastKnownFileType = sourcecode.cpp.objcpp; name = DiscPublishingTasksManager.mm; path = Classes/DiscPublishingTasksManager.mm; sourceTree = "<group>"; };
		5938180F142C602600D14DC6 /* DiscPublishingUtils.h */ = {isa = PBXFileReference; fileEncoding = 4; lastKnownFileType = sourcecode.c.h; name = DiscPublishingUtils.h; path = Classes/DiscPublishingUtils.h; sourceTree = "<group>"; };
		59381810142C602600D14DC6 /* DiscPublishingUtils.m */ = {isa = PBXFileReference; fileEncoding = 4; lastKnownFileType = sourcecode.c.objc; name = DiscPublishingUtils.m; path = Classes/DiscPublishingUtils.m; sourceTree = "<group>"; };
		5956BB7511D380350016EF6D /* DiscPublishingPreferencesController+RobotOptions.h */ = {isa = PBXFileReference; fileEncoding = 4; lastKnownFileType = sourcecode.c.h; name = "DiscPublishingPreferencesController+RobotOptions.h"; path = "Classes/DiscPublishingPreferencesController+RobotOptions.h"; sourceTree = "<group>"; };
		5956BB7611D380350016EF6D /* DiscPublishingPreferencesController+RobotOptions.mm */ = {isa = PBXFileReference; fileEncoding = 4; lastKnownFileType = sourcecode.cpp.objcpp; name = "DiscPublishingPreferencesController+RobotOptions.mm"; path = "Classes/DiscPublishingPreferencesController+RobotOptions.mm"; sourceTree = "<group>"; };
		5956BC0E11D3A2610016EF6D /* English */ = {isa = PBXFileReference; lastKnownFileType = file.xib; name = English; path = Resources/English.lproj/DiscPublishingPreferencesBinView.xib; sourceTree = "<group>"; };
		596D309C143999E7004EE9EC /* TODO.txt */ = {isa = PBXFileReference; lastKnownFileType = text; path = TODO.txt; sourceTree = SOURCE_ROOT; };
		5971022B113FE9A500875159 /* NSArray+DiscPublishing.h */ = {isa = PBXFileReference; fileEncoding = 4; lastKnownFileType = sourcecode.c.h; name = "NSArray+DiscPublishing.h"; path = "Classes/Extras/NSArray+DiscPublishing.h"; sourceTree = "<group>"; };
		5971022C113FE9A500875159 /* NSArray+DiscPublishing.mm */ = {isa = PBXFileReference; fileEncoding = 4; lastKnownFileType = sourcecode.cpp.objcpp; name = "NSArray+DiscPublishing.mm"; path = "Classes/Extras/NSArray+DiscPublishing.mm"; sourceTree = "<group>"; };
		59710240113FEA0E00875159 /* DiscPublishingFilesManager.h */ = {isa = PBXFileReference; fileEncoding = 4; lastKnownFileType = sourcecode.c.h; name = DiscPublishingFilesManager.h; path = Classes/DiscPublishingFilesManager.h; sourceTree = "<group>"; };
		59710241113FEA0E00875159 /* DiscPublishingFilesManager.mm */ = {isa = PBXFileReference; fileEncoding = 4; lastKnownFileType = sourcecode.cpp.objcpp; name = DiscPublishingFilesManager.mm; path = Classes/DiscPublishingFilesManager.mm; sourceTree = "<group>"; };
		59710244113FEA1400875159 /* DiscPublishingPatientDisc.h */ = {isa = PBXFileReference; fileEncoding = 4; lastKnownFileType = sourcecode.c.h; name = DiscPublishingPatientDisc.h; path = Classes/DiscPublishingPatientDisc.h; sourceTree = "<group>"; };
		59710245113FEA1400875159 /* DiscPublishingPatientDisc.mm */ = {isa = PBXFileReference; fileEncoding = 4; lastKnownFileType = sourcecode.cpp.objcpp; name = DiscPublishingPatientDisc.mm; path = Classes/DiscPublishingPatientDisc.mm; sourceTree = "<group>"; };
		5973458D1185E6AF00DA86F3 /* DiscPublishingPreferencesController.h */ = {isa = PBXFileReference; fileEncoding = 4; lastKnownFileType = sourcecode.c.h; name = DiscPublishingPreferencesController.h; path = Classes/DiscPublishingPreferencesController.h; sourceTree = "<group>"; };
		5973458E1185E6AF00DA86F3 /* DiscPublishingPreferencesController.mm */ = {isa = PBXFileReference; fileEncoding = 4; lastKnownFileType = sourcecode.cpp.objcpp; name = DiscPublishingPreferencesController.mm; path = Classes/DiscPublishingPreferencesController.mm; sourceTree = "<group>"; };
		5973465C1185F2FD00DA86F3 /* Icon.png */ = {isa = PBXFileReference; lastKnownFileType = image.png; name = Icon.png; path = Resources/Icon.png; sourceTree = "<group>"; };
		598C9AE51153C4BA007B7524 /* OsiriXAPI.framework */ = {isa = PBXFileReference; lastKnownFileType = wrapper.framework; name = OsiriXAPI.framework; path = "../../osirix-trunk/build/Development/OsiriXAPI.framework"; sourceTree = SOURCE_ROOT; };
		5994E8CE114690E6006E0DF7 /* OsiriX.framework */ = {isa = PBXFileReference; lastKnownFileType = wrapper.framework; name = OsiriX.framework; path = "../../osirix-trunk/build/Development/OsiriX.framework"; sourceTree = SOURCE_ROOT; };
		5994EBBB114921F4006E0DF7 /* Warning.png */ = {isa = PBXFileReference; lastKnownFileType = image.png; name = Warning.png; path = Resources/Warning.png; sourceTree = "<group>"; };
		59B3FC05117C38330027B0DB /* Weird.txt */ = {isa = PBXFileReference; fileEncoding = 4; lastKnownFileType = text; path = Weird.txt; sourceTree = "<group>"; };
		59BDEF68117DA5C7007F1F2C /* NSUserDefaultsController+DiscPublishing.h */ = {isa = PBXFileReference; fileEncoding = 4; lastKnownFileType = sourcecode.c.h; name = "NSUserDefaultsController+DiscPublishing.h"; path = "Classes/NSUserDefaultsController+DiscPublishing.h"; sourceTree = "<group>"; };
		59BDEF69117DA5C7007F1F2C /* NSUserDefaultsController+DiscPublishing.mm */ = {isa = PBXFileReference; fileEncoding = 4; lastKnownFileType = sourcecode.cpp.objcpp; name = "NSUserDefaultsController+DiscPublishing.mm"; path = "Classes/NSUserDefaultsController+DiscPublishing.mm"; sourceTree = "<group>"; };
		59BDFB901185B794007F1F2C /* DiscPublishingPreferences.prefPane */ = {isa = PBXFileReference; explicitFileType = wrapper.cfbundle; includeInIndex = 0; path = DiscPublishingPreferences.prefPane; sourceTree = BUILT_PRODUCTS_DIR; };
		59BDFB9B1185B7DF007F1F2C /* PreferencePanes.framework */ = {isa = PBXFileReference; lastKnownFileType = wrapper.framework; name = PreferencePanes.framework; path = /System/Library/Frameworks/PreferencePanes.framework; sourceTree = "<absolute>"; };
		59BDFBB21185B87C007F1F2C /* Info.plist */ = {isa = PBXFileReference; fileEncoding = 4; lastKnownFileType = text.plist.xml; name = Info.plist; path = Resources/Preferences/Info.plist; sourceTree = "<group>"; };
		59BDFBBF1185BB75007F1F2C /* English */ = {isa = PBXFileReference; lastKnownFileType = file.xib; name = English; path = Resources/English.lproj/DiscPublishingPreferences.xib; sourceTree = "<group>"; };
		59DC28B811C613E000DAD5B4 /* NSString+DiscPublishing.h */ = {isa = PBXFileReference; fileEncoding = 4; lastKnownFileType = sourcecode.c.h; name = "NSString+DiscPublishing.h"; path = "Classes/Extras/NSString+DiscPublishing.h"; sourceTree = "<group>"; };
		59DC28B911C613E000DAD5B4 /* NSString+DiscPublishing.mm */ = {isa = PBXFileReference; fileEncoding = 4; lastKnownFileType = sourcecode.cpp.objcpp; name = "NSString+DiscPublishing.mm"; path = "Classes/Extras/NSString+DiscPublishing.mm"; sourceTree = "<group>"; };
		59DEC7B311995E7800E0343A /* Carbon.framework */ = {isa = PBXFileReference; lastKnownFileType = wrapper.framework; name = Carbon.framework; path = System/Library/Frameworks/Carbon.framework; sourceTree = SDKROOT; };
		59E22CBA11DB6EF7009EC9B5 /* DiscPublishingPreferencesBinViewController.h */ = {isa = PBXFileReference; fileEncoding = 4; lastKnownFileType = sourcecode.c.h; name = DiscPublishingPreferencesBinViewController.h; path = Classes/DiscPublishingPreferencesBinViewController.h; sourceTree = "<group>"; };
		59E22CBB11DB6EF7009EC9B5 /* DiscPublishingPreferencesBinViewController.mm */ = {isa = PBXFileReference; fileEncoding = 4; lastKnownFileType = sourcecode.cpp.objcpp; name = DiscPublishingPreferencesBinViewController.mm; path = Classes/DiscPublishingPreferencesBinViewController.mm; sourceTree = "<group>"; };
		59E37CC61173610300E84FE3 /* DiscPublishingOptions.h */ = {isa = PBXFileReference; fileEncoding = 4; lastKnownFileType = sourcecode.c.h; name = DiscPublishingOptions.h; path = Classes/DiscPublishingOptions.h; sourceTree = "<group>"; };
		59E37CC71173610300E84FE3 /* DiscPublishingOptions.mm */ = {isa = PBXFileReference; fileEncoding = 4; lastKnownFileType = sourcecode.cpp.objcpp; name = DiscPublishingOptions.mm; path = Classes/DiscPublishingOptions.mm; sourceTree = "<group>"; };
		59E37D37117457D900E84FE3 /* DiscPublishing.h */ = {isa = PBXFileReference; fileEncoding = 4; lastKnownFileType = sourcecode.c.h; name = DiscPublishing.h; path = Classes/DiscPublishing.h; sourceTree = "<group>"; };
		59E37D38117457D900E84FE3 /* DiscPublishing.mm */ = {isa = PBXFileReference; fileEncoding = 4; lastKnownFileType = sourcecode.cpp.objcpp; name = DiscPublishing.mm; path = Classes/DiscPublishing.mm; sourceTree = "<group>"; };
		59E37E70117466F700E84FE3 /* Standard.dcover */ = {isa = PBXFileReference; lastKnownFileType = folder; name = Standard.dcover; path = Resources/Standard.dcover; sourceTree = "<group>"; };
		59E381C81177177900E84FE3 /* DiscPublishingJob.h */ = {isa = PBXFileReference; fileEncoding = 4; lastKnownFileType = sourcecode.c.h; name = DiscPublishingJob.h; path = Classes/DiscPublishingJob.h; sourceTree = "<group>"; };
		59E381C91177177900E84FE3 /* DiscPublishingJob.mm */ = {isa = PBXFileReference; fileEncoding = 4; lastKnownFileType = sourcecode.cpp.objcpp; name = DiscPublishingJob.mm; path = Classes/DiscPublishingJob.mm; sourceTree = "<group>"; };
		59E384231178868500E84FE3 /* as_storage.framework */ = {isa = PBXFileReference; lastKnownFileType = wrapper.framework; name = as_storage.framework; path = Libs/as_storage.framework; sourceTree = "<group>"; };
		59E384241178868500E84FE3 /* JobManager.framework */ = {isa = PBXFileReference; lastKnownFileType = wrapper.framework; name = JobManager.framework; path = Libs/JobManager.framework; sourceTree = "<group>"; };
		59E384251178868500E84FE3 /* JobProcessor.framework */ = {isa = PBXFileReference; lastKnownFileType = wrapper.framework; name = JobProcessor.framework; path = Libs/JobProcessor.framework; sourceTree = "<group>"; };
		59E384261178868500E84FE3 /* PTRobot.framework */ = {isa = PBXFileReference; lastKnownFileType = wrapper.framework; name = PTRobot.framework; path = Libs/PTRobot.framework; sourceTree = "<group>"; };
		59E3EFCC121A684500DD4552 /* Growl.framework */ = {isa = PBXFileReference; lastKnownFileType = wrapper.framework; name = Growl.framework; path = "../../osirix-trunk/Binaries/Growl.framework"; sourceTree = SOURCE_ROOT; };
		59F0D250131F8A2400E3F979 /* Nitrogen.framework */ = {isa = PBXFileReference; lastKnownFileType = wrapper.framework; name = Nitrogen.framework; path = "../../osirix-trunk/nitrogen/build/Development/Nitrogen.framework"; sourceTree = SOURCE_ROOT; };
		59FCD7AD11905E56007B28E0 /* DiscPublishingToolAppDelegate.h */ = {isa = PBXFileReference; fileEncoding = 4; lastKnownFileType = sourcecode.c.h; name = DiscPublishingToolAppDelegate.h; path = Classes/DiscPublishingToolAppDelegate.h; sourceTree = "<group>"; };
		59FCD7B011905E78007B28E0 /* DiscPublishingToolAppDelegate.mm */ = {isa = PBXFileReference; fileEncoding = 4; lastKnownFileType = sourcecode.cpp.objcpp; name = DiscPublishingToolAppDelegate.mm; path = Classes/DiscPublishingToolAppDelegate.mm; sourceTree = "<group>"; };
		7124006C14C573F70023BD31 /* DiscPublishingTool.h */ = {isa = PBXFileReference; fileEncoding = 4; lastKnownFileType = sourcecode.c.h; name = DiscPublishingTool.h; path = Classes/DiscPublishingTool.h; sourceTree = "<group>"; };
		7124006F14C575740023BD31 /* DiscPublishingTool.m */ = {isa = PBXFileReference; fileEncoding = 4; lastKnownFileType = sourcecode.c.objc; name = DiscPublishingTool.m; path = Classes/DiscPublishingTool.m; sourceTree = "<group>"; };
		71327A8A14683DBD007E49BE /* Versions.txt */ = {isa = PBXFileReference; lastKnownFileType = text; path = Versions.txt; sourceTree = "<group>"; };
		AB5D36050680E57E00F4007A /* DiscPublishing.osirixplugin */ = {isa = PBXFileReference; explicitFileType = wrapper.cfbundle; includeInIndex = 0; path = DiscPublishing.osirixplugin; sourceTree = BUILT_PRODUCTS_DIR; };
/* End PBXFileReference section */

/* Begin PBXFrameworksBuildPhase section */
		5900F64911906667001E899B /* Frameworks */ = {
			isa = PBXFrameworksBuildPhase;
			buildActionMask = 2147483647;
			files = (
				5900F66A1190676E001E899B /* JobManager.framework in Frameworks */,
				5900F66D11906776001E899B /* JobProcessor.framework in Frameworks */,
				5900F6701190677F001E899B /* PTRobot.framework in Frameworks */,
				5900F68011906784001E899B /* as_storage.framework in Frameworks */,
				59DEC7B511995E7800E0343A /* Carbon.framework in Frameworks */,
				59E3EFCD121A684500DD4552 /* Growl.framework in Frameworks */,
				59F0D251131F8A2400E3F979 /* Nitrogen.framework in Frameworks */,
			);
			runOnlyForDeploymentPostprocessing = 0;
		};
		59BDFB8E1185B794007F1F2C /* Frameworks */ = {
			isa = PBXFrameworksBuildPhase;
			buildActionMask = 2147483647;
			files = (
				59BDFB9C1185B7DF007F1F2C /* PreferencePanes.framework in Frameworks */,
				59BDFBC51185BE46007F1F2C /* OsiriXAPI.framework in Frameworks */,
			);
			runOnlyForDeploymentPostprocessing = 0;
		};
		8D5B49B3048680CD000E48DA /* Frameworks */ = {
			isa = PBXFrameworksBuildPhase;
			buildActionMask = 2147483647;
			files = (
				5994E8CF114690E6006E0DF7 /* OsiriX.framework in Frameworks */,
				598C9AE61153C4BA007B7524 /* OsiriXAPI.framework in Frameworks */,
				59DEC7B411995E7800E0343A /* Carbon.framework in Frameworks */,
			);
			runOnlyForDeploymentPostprocessing = 0;
		};
/* End PBXFrameworksBuildPhase section */

/* Begin PBXGroup section */
		089C166AFE841209C02AAC07 /* DiscPublishing */ = {
			isa = PBXGroup;
			children = (
				596D309C143999E7004EE9EC /* TODO.txt */,
				71327A8A14683DBD007E49BE /* Versions.txt */,
				59B3FC05117C38330027B0DB /* Weird.txt */,
				59FCD7821190492B007B28E0 /* Common */,
				59BDFBB31185B897007F1F2C /* Plugin */,
				59BDFBA11185B85D007F1F2C /* Preferences */,
				59FCD00D11904156007B28E0 /* Tool */,
				089C1671FE841209C02AAC07 /* Frameworks and Libraries */,
				19C28FB8FE9D52D311CA2CBB /* Products */,
			);
			name = DiscPublishing;
			sourceTree = "<group>";
		};
		089C1671FE841209C02AAC07 /* Frameworks and Libraries */ = {
			isa = PBXGroup;
			children = (
				59F0D250131F8A2400E3F979 /* Nitrogen.framework */,
				59E3EFCC121A684500DD4552 /* Growl.framework */,
				59E384241178868500E84FE3 /* JobManager.framework */,
				59E384251178868500E84FE3 /* JobProcessor.framework */,
				59E384261178868500E84FE3 /* PTRobot.framework */,
				59E384231178868500E84FE3 /* as_storage.framework */,
				5994E8CE114690E6006E0DF7 /* OsiriX.framework */,
				598C9AE51153C4BA007B7524 /* OsiriXAPI.framework */,
				59BDFB9B1185B7DF007F1F2C /* PreferencePanes.framework */,
				1058C7ADFEA557BF11CA2CBB /* Cocoa.framework */,
				59DEC7B311995E7800E0343A /* Carbon.framework */,
			);
			name = "Frameworks and Libraries";
			sourceTree = "<group>";
		};
		089C167CFE841241C02AAC07 /* Resources */ = {
			isa = PBXGroup;
			children = (
				5973465C1185F2FD00DA86F3 /* Icon.png */,
				59E37E70117466F700E84FE3 /* Standard.dcover */,
			);
			name = Resources;
			sourceTree = "<group>";
		};
		08FB77AFFE84173DC02AAC07 /* Classes */ = {
			isa = PBXGroup;
			children = (
				59E37D37117457D900E84FE3 /* DiscPublishing.h */,
				59E37D38117457D900E84FE3 /* DiscPublishing.mm */,
				5920D20A1199A80F003BCC5E /* DiscPublishingTasksManager.h */,
				5920D20B1199A80F003BCC5E /* DiscPublishingTasksManager.mm */,
				59710240113FEA0E00875159 /* DiscPublishingFilesManager.h */,
				59710241113FEA0E00875159 /* DiscPublishingFilesManager.mm */,
				59710244113FEA1400875159 /* DiscPublishingPatientDisc.h */,
				59710245113FEA1400875159 /* DiscPublishingPatientDisc.mm */,
				59BDEF68117DA5C7007F1F2C /* NSUserDefaultsController+DiscPublishing.h */,
				59BDEF69117DA5C7007F1F2C /* NSUserDefaultsController+DiscPublishing.mm */,
				594B522B1138254300E786F5 /* Extras */,
			);
			name = Classes;
			sourceTree = "<group>";
		};
		19C28FB8FE9D52D311CA2CBB /* Products */ = {
			isa = PBXGroup;
			children = (
				AB5D36050680E57E00F4007A /* DiscPublishing.osirixplugin */,
				59BDFB901185B794007F1F2C /* DiscPublishingPreferences.prefPane */,
				5900F64B11906667001E899B /* DiscPublishingTool.app */,
			);
			name = Products;
			sourceTree = "<group>";
		};
		5900F7C811906A71001E899B /* Resources */ = {
			isa = PBXGroup;
			children = (
				5900F7C911906B1E001E899B /* DiscPublishingToolApplication.xib */,
			);
			name = Resources;
			sourceTree = "<group>";
		};
		5912043B1137C739002D9163 /* DiscPublisher */ = {
			isa = PBXGroup;
			children = (
				5912043E1137C739002D9163 /* DiscPublisher.h */,
				5912043F1137C739002D9163 /* DiscPublisher.mm */,
				5912043C1137C739002D9163 /* DiscPublisher+Constants.h */,
				5912043D1137C739002D9163 /* DiscPublisher+Constants.mm */,
				591204401137C739002D9163 /* DiscPublisherJob.h */,
				591204411137C739002D9163 /* DiscPublisherJob.mm */,
				591204421137C739002D9163 /* DiscPublisherRobot.h */,
				591204431137C739002D9163 /* DiscPublisherRobot.mm */,
				591204441137C739002D9163 /* DiscPublisherStatus.h */,
				591204451137C739002D9163 /* DiscPublisherStatus.mm */,
			);
			name = DiscPublisher;
			path = Classes/DiscPublisher;
			sourceTree = "<group>";
		};
		594B522B1138254300E786F5 /* Extras */ = {
			isa = PBXGroup;
			children = (
				5971022B113FE9A500875159 /* NSArray+DiscPublishing.h */,
				5971022C113FE9A500875159 /* NSArray+DiscPublishing.mm */,
				59DC28B811C613E000DAD5B4 /* NSString+DiscPublishing.h */,
				59DC28B911C613E000DAD5B4 /* NSString+DiscPublishing.mm */,
			);
			name = Extras;
			sourceTree = "<group>";
		};
		59BDFBA11185B85D007F1F2C /* Preferences */ = {
			isa = PBXGroup;
			children = (
				59BDFBB21185B87C007F1F2C /* Info.plist */,
				59BDFBB81185B9B1007F1F2C /* Classes */,
				59BDFBB91185B9B8007F1F2C /* Resources */,
			);
			name = Preferences;
			sourceTree = "<group>";
		};
		59BDFBB31185B897007F1F2C /* Plugin */ = {
			isa = PBXGroup;
			children = (
				591202BA1137BEC7002D9163 /* Info.plist */,
				32DBCF630370AF2F00C91783 /* Prefix.pch */,
				08FB77AFFE84173DC02AAC07 /* Classes */,
				089C167CFE841241C02AAC07 /* Resources */,
			);
			name = Plugin;
			sourceTree = "<group>";
		};
		59BDFBB81185B9B1007F1F2C /* Classes */ = {
			isa = PBXGroup;
			children = (
				5973458D1185E6AF00DA86F3 /* DiscPublishingPreferencesController.h */,
				5973458E1185E6AF00DA86F3 /* DiscPublishingPreferencesController.mm */,
				5956BB7511D380350016EF6D /* DiscPublishingPreferencesController+RobotOptions.h */,
				5956BB7611D380350016EF6D /* DiscPublishingPreferencesController+RobotOptions.mm */,
				59E22CBA11DB6EF7009EC9B5 /* DiscPublishingPreferencesBinViewController.h */,
				59E22CBB11DB6EF7009EC9B5 /* DiscPublishingPreferencesBinViewController.mm */,
			);
			name = Classes;
			sourceTree = "<group>";
		};
		59BDFBB91185B9B8007F1F2C /* Resources */ = {
			isa = PBXGroup;
			children = (
				5994EBBB114921F4006E0DF7 /* Warning.png */,
				59BDFBBE1185BB75007F1F2C /* DiscPublishingPreferences.xib */,
				5956BC0D11D3A2610016EF6D /* DiscPublishingPreferencesBinView.xib */,
			);
			name = Resources;
			sourceTree = "<group>";
		};
		59FCD00D11904156007B28E0 /* Tool */ = {
			isa = PBXGroup;
			children = (
				5900F7C611906A3C001E899B /* Info.plist */,
				59FCD781119048A6007B28E0 /* Classes */,
				5900F7C811906A71001E899B /* Resources */,
			);
			name = Tool;
			sourceTree = "<group>";
		};
		59FCD781119048A6007B28E0 /* Classes */ = {
			isa = PBXGroup;
			children = (
				59FCD7AD11905E56007B28E0 /* DiscPublishingToolAppDelegate.h */,
				59FCD7B011905E78007B28E0 /* DiscPublishingToolAppDelegate.mm */,
				59E381C81177177900E84FE3 /* DiscPublishingJob.h */,
				59E381C91177177900E84FE3 /* DiscPublishingJob.mm */,
				5912043B1137C739002D9163 /* DiscPublisher */,
			);
			name = Classes;
			sourceTree = "<group>";
		};
		59FCD7821190492B007B28E0 /* Common */ = {
			isa = PBXGroup;
			children = (
				7124006C14C573F70023BD31 /* DiscPublishingTool.h */,
				7124006F14C575740023BD31 /* DiscPublishingTool.m */,
				59E37CC61173610300E84FE3 /* DiscPublishingOptions.h */,
				59E37CC71173610300E84FE3 /* DiscPublishingOptions.mm */,
				5938180F142C602600D14DC6 /* DiscPublishingUtils.h */,
				59381810142C602600D14DC6 /* DiscPublishingUtils.m */,
			);
			name = Common;
			sourceTree = "<group>";
		};
/* End PBXGroup section */

/* Begin PBXHeadersBuildPhase section */
		8D5B49AD048680CD000E48DA /* Headers */ = {
			isa = PBXHeadersBuildPhase;
			buildActionMask = 2147483647;
			files = (
				8D5B49AE048680CD000E48DA /* Prefix.pch in Headers */,
				5971022F113FE9A500875159 /* NSArray+DiscPublishing.h in Headers */,
				59710242113FEA0E00875159 /* DiscPublishingFilesManager.h in Headers */,
				5971024A113FEA1400875159 /* DiscPublishingPatientDisc.h in Headers */,
				59E37CC81173610300E84FE3 /* DiscPublishingOptions.h in Headers */,
				59E37D39117457D900E84FE3 /* DiscPublishing.h in Headers */,
				59E381CA1177177900E84FE3 /* DiscPublishingJob.h in Headers */,
				59BDEF6A117DA5C7007F1F2C /* NSUserDefaultsController+DiscPublishing.h in Headers */,
				5920D20C1199A80F003BCC5E /* DiscPublishingTasksManager.h in Headers */,
				59DC28BA11C613E000DAD5B4 /* NSString+DiscPublishing.h in Headers */,
				59381811142C602600D14DC6 /* DiscPublishingUtils.h in Headers */,
				7124006D14C573F70023BD31 /* DiscPublishingTool.h in Headers */,
			);
			runOnlyForDeploymentPostprocessing = 0;
		};
/* End PBXHeadersBuildPhase section */

/* Begin PBXNativeTarget section */
		5900F64A11906667001E899B /* DiscPublishingTool */ = {
			isa = PBXNativeTarget;
			buildConfigurationList = 5900F65811906667001E899B /* Build configuration list for PBXNativeTarget "DiscPublishingTool" */;
			buildPhases = (
				5900F64711906667001E899B /* Resources */,
				5900F64811906667001E899B /* Sources */,
				5900F64911906667001E899B /* Frameworks */,
				5900F92311916363001E899B /* Copy Frameworks */,
			);
			buildRules = (
			);
			dependencies = (
				59EBEBF812B8A9D100809C61 /* PBXTargetDependency */,
			);
			name = DiscPublishingTool;
			productName = DiscPublishingTool;
			productReference = 5900F64B11906667001E899B /* DiscPublishingTool.app */;
			productType = "com.apple.product-type.application";
		};
		59BDFB8F1185B794007F1F2C /* DiscPublishingPreferences */ = {
			isa = PBXNativeTarget;
			buildConfigurationList = 59BDFB951185B795007F1F2C /* Build configuration list for PBXNativeTarget "DiscPublishingPreferences" */;
			buildPhases = (
				59BDFB8C1185B794007F1F2C /* Resources */,
				59BDFB8D1185B794007F1F2C /* Sources */,
				59BDFB8E1185B794007F1F2C /* Frameworks */,
			);
			buildRules = (
			);
			dependencies = (
				59EBEBFA12B8A9DE00809C61 /* PBXTargetDependency */,
			);
			name = DiscPublishingPreferences;
			productName = PreferencePane;
			productReference = 59BDFB901185B794007F1F2C /* DiscPublishingPreferences.prefPane */;
			productType = "com.apple.product-type.bundle";
		};
		8D5B49AC048680CD000E48DA /* DiscPublishing */ = {
			isa = PBXNativeTarget;
			buildConfigurationList = CE6A9A9008AC841300D0C1EE /* Build configuration list for PBXNativeTarget "DiscPublishing" */;
			buildPhases = (
				8D5B49AD048680CD000E48DA /* Headers */,
				59EE469513695C050002A7F8 /* Copy Frameworks */,
				8D5B49AF048680CD000E48DA /* Resources */,
				7124007914C588630023BD31 /* Copy Executables */,
				8D5B49B1048680CD000E48DA /* Sources */,
				8D5B49B3048680CD000E48DA /* Frameworks */,
				8D5B49B5048680CD000E48DA /* Rez */,
			);
			buildRules = (
			);
			dependencies = (
				59BDFB971185B7BE007F1F2C /* PBXTargetDependency */,
				59C7EA531191D08500FCE244 /* PBXTargetDependency */,
			);
			name = DiscPublishing;
			productInstallPath = "$(HOME)/Library/Bundles";
			productName = Invert;
			productReference = AB5D36050680E57E00F4007A /* DiscPublishing.osirixplugin */;
			productType = "com.apple.product-type.bundle";
		};
/* End PBXNativeTarget section */

/* Begin PBXProject section */
		089C1669FE841209C02AAC07 /* Project object */ = {
			isa = PBXProject;
			attributes = {
				LastUpgradeCheck = 0430;
			};
			buildConfigurationList = CE6A9A9408AC841300D0C1EE /* Build configuration list for PBXProject "DiscPublishing" */;
			compatibilityVersion = "Xcode 3.2";
			developmentRegion = English;
			hasScannedForEncodings = 1;
			knownRegions = (
				English,
				Japanese,
				French,
				German,
			);
			mainGroup = 089C166AFE841209C02AAC07 /* DiscPublishing */;
			projectDirPath = "";
			projectRoot = "";
			targets = (
				59EBE42112B8A8B500809C61 /* Unzip Libs */,
				8D5B49AC048680CD000E48DA /* DiscPublishing */,
				59BDFB8F1185B794007F1F2C /* DiscPublishingPreferences */,
				5900F64A11906667001E899B /* DiscPublishingTool */,
			);
		};
/* End PBXProject section */

/* Begin PBXResourcesBuildPhase section */
		5900F64711906667001E899B /* Resources */ = {
			isa = PBXResourcesBuildPhase;
			buildActionMask = 2147483647;
			files = (
				5900F7CA11906B1E001E899B /* DiscPublishingToolApplication.xib in Resources */,
			);
			runOnlyForDeploymentPostprocessing = 0;
		};
		59BDFB8C1185B794007F1F2C /* Resources */ = {
			isa = PBXResourcesBuildPhase;
			buildActionMask = 2147483647;
			files = (
				59BDFBC01185BB75007F1F2C /* DiscPublishingPreferences.xib in Resources */,
				597345941185E70300DA86F3 /* Warning.png in Resources */,
				5956BC0F11D3A2610016EF6D /* DiscPublishingPreferencesBinView.xib in Resources */,
			);
			runOnlyForDeploymentPostprocessing = 0;
		};
		8D5B49AF048680CD000E48DA /* Resources */ = {
			isa = PBXResourcesBuildPhase;
			buildActionMask = 2147483647;
			files = (
				59BDFC271185C496007F1F2C /* DiscPublishingPreferences.prefPane in Resources */,
				59E37E73117466F700E84FE3 /* Standard.dcover in Resources */,
				5973465D1185F2FD00DA86F3 /* Icon.png in Resources */,
			);
			runOnlyForDeploymentPostprocessing = 0;
		};
/* End PBXResourcesBuildPhase section */

/* Begin PBXRezBuildPhase section */
		8D5B49B5048680CD000E48DA /* Rez */ = {
			isa = PBXRezBuildPhase;
			buildActionMask = 2147483647;
			files = (
			);
			runOnlyForDeploymentPostprocessing = 0;
		};
/* End PBXRezBuildPhase section */

/* Begin PBXShellScriptBuildPhase section */
		59EBE42012B8A8B500809C61 /* ShellScript */ = {
			isa = PBXShellScriptBuildPhase;
			buildActionMask = 2147483647;
			files = (
			);
			inputPaths = (
			);
			outputPaths = (
			);
			runOnlyForDeploymentPostprocessing = 0;
			shellPath = /bin/sh;
			shellScript = "cd \"$SRCROOT\"\nmkdir -p Libs\nunzip -uo Resources/PrimeraFrameworks.zip -d Libs\nexit 0";
		};
/* End PBXShellScriptBuildPhase section */

/* Begin PBXSourcesBuildPhase section */
		5900F64811906667001E899B /* Sources */ = {
			isa = PBXSourcesBuildPhase;
			buildActionMask = 2147483647;
			files = (
				5900F6591190668C001E899B /* DiscPublishingToolAppDelegate.mm in Sources */,
				5900F65C119066A7001E899B /* DiscPublishingJob.mm in Sources */,
				5900F65D119066AB001E899B /* DiscPublisher.mm in Sources */,
				5900F66211906723001E899B /* DiscPublisher+Constants.mm in Sources */,
				5900F6631190672B001E899B /* DiscPublisherJob.mm in Sources */,
				5900F66411906732001E899B /* DiscPublisherRobot.mm in Sources */,
				5900F66511906736001E899B /* DiscPublisherStatus.mm in Sources */,
				59381813142C602600D14DC6 /* DiscPublishingUtils.m in Sources */,
				7124007114C575740023BD31 /* DiscPublishingTool.m in Sources */,
			);
			runOnlyForDeploymentPostprocessing = 0;
		};
		59BDFB8D1185B794007F1F2C /* Sources */ = {
			isa = PBXSourcesBuildPhase;
			buildActionMask = 2147483647;
			files = (
				5973458F1185E6AF00DA86F3 /* DiscPublishingPreferencesController.mm in Sources */,
				5956BB7711D380350016EF6D /* DiscPublishingPreferencesController+RobotOptions.mm in Sources */,
				59E22CBC11DB6EF7009EC9B5 /* DiscPublishingPreferencesBinViewController.mm in Sources */,
			);
			runOnlyForDeploymentPostprocessing = 0;
		};
		8D5B49B1048680CD000E48DA /* Sources */ = {
			isa = PBXSourcesBuildPhase;
			buildActionMask = 2147483647;
			files = (
				59710230113FE9A500875159 /* NSArray+DiscPublishing.mm in Sources */,
				59710243113FEA0E00875159 /* DiscPublishingFilesManager.mm in Sources */,
				5971024B113FEA1400875159 /* DiscPublishingPatientDisc.mm in Sources */,
				59E37CC91173610300E84FE3 /* DiscPublishingOptions.mm in Sources */,
				59E37D3A117457D900E84FE3 /* DiscPublishing.mm in Sources */,
				59BDEF6B117DA5C7007F1F2C /* NSUserDefaultsController+DiscPublishing.mm in Sources */,
				5920D20D1199A80F003BCC5E /* DiscPublishingTasksManager.mm in Sources */,
				59DC28BB11C613E000DAD5B4 /* NSString+DiscPublishing.mm in Sources */,
				59381812142C602600D14DC6 /* DiscPublishingUtils.m in Sources */,
				7124007014C575740023BD31 /* DiscPublishingTool.m in Sources */,
			);
			runOnlyForDeploymentPostprocessing = 0;
		};
/* End PBXSourcesBuildPhase section */

/* Begin PBXTargetDependency section */
		59BDFB971185B7BE007F1F2C /* PBXTargetDependency */ = {
			isa = PBXTargetDependency;
			target = 59BDFB8F1185B794007F1F2C /* DiscPublishingPreferences */;
			targetProxy = 59BDFB961185B7BE007F1F2C /* PBXContainerItemProxy */;
		};
		59C7EA531191D08500FCE244 /* PBXTargetDependency */ = {
			isa = PBXTargetDependency;
			target = 5900F64A11906667001E899B /* DiscPublishingTool */;
			targetProxy = 59C7EA521191D08500FCE244 /* PBXContainerItemProxy */;
		};
		59EBEBF812B8A9D100809C61 /* PBXTargetDependency */ = {
			isa = PBXTargetDependency;
			target = 59EBE42112B8A8B500809C61 /* Unzip Libs */;
			targetProxy = 59EBEBF712B8A9D100809C61 /* PBXContainerItemProxy */;
		};
		59EBEBFA12B8A9DE00809C61 /* PBXTargetDependency */ = {
			isa = PBXTargetDependency;
			target = 59EBE42112B8A8B500809C61 /* Unzip Libs */;
			targetProxy = 59EBEBF912B8A9DE00809C61 /* PBXContainerItemProxy */;
		};
/* End PBXTargetDependency section */

/* Begin PBXVariantGroup section */
		5956BC0D11D3A2610016EF6D /* DiscPublishingPreferencesBinView.xib */ = {
			isa = PBXVariantGroup;
			children = (
				5956BC0E11D3A2610016EF6D /* English */,
			);
			name = DiscPublishingPreferencesBinView.xib;
			sourceTree = "<group>";
		};
		59BDFBBE1185BB75007F1F2C /* DiscPublishingPreferences.xib */ = {
			isa = PBXVariantGroup;
			children = (
				59BDFBBF1185BB75007F1F2C /* English */,
			);
			name = DiscPublishingPreferences.xib;
			sourceTree = "<group>";
		};
/* End PBXVariantGroup section */

/* Begin XCBuildConfiguration section */
		5900F65611906667001E899B /* Development */ = {
			isa = XCBuildConfiguration;
			buildSettings = {
				ALWAYS_SEARCH_USER_PATHS = NO;
				ARCHS = "$(ARCHS_STANDARD_32_BIT)";
				COPY_PHASE_STRIP = NO;
				FRAMEWORK_SEARCH_PATHS = (
					"$(inherited)",
					"$(SRCROOT)/../../osirix-trunk/nitrogen/build/Development",
					"$(SRCROOT)/../../osirix-trunk/Binaries",
				);
				GCC_DYNAMIC_NO_PIC = NO;
				GCC_MODEL_TUNING = G5;
				GCC_OPTIMIZATION_LEVEL = 0;
				GCC_PRECOMPILE_PREFIX_HEADER = YES;
				GCC_PREFIX_HEADER = "$(SYSTEM_LIBRARY_DIR)/Frameworks/AppKit.framework/Headers/AppKit.h";
				INFOPLIST_FILE = Resources/Tool/Info.plist;
				OTHER_LDFLAGS = (
					"-framework",
					Foundation,
					"-framework",
					AppKit,
				);
				PRODUCT_NAME = DiscPublishingTool;
				VALID_ARCHS = i386;
			};
			name = Development;
		};
		59BDFB921185B795007F1F2C /* Development */ = {
			isa = XCBuildConfiguration;
			buildSettings = {
				ALWAYS_SEARCH_USER_PATHS = NO;
				COPY_PHASE_STRIP = NO;
				FRAMEWORK_SEARCH_PATHS = (
					"$(inherited)",
					"\"$(SRCROOT)/Libs\"",
				);
				GCC_DYNAMIC_NO_PIC = NO;
				GCC_ENABLE_CPP_RTTI = YES;
				GCC_LINK_WITH_DYNAMIC_LIBRARIES = YES;
				GCC_MODEL_TUNING = G5;
				GCC_OPTIMIZATION_LEVEL = 0;
				GCC_PRECOMPILE_PREFIX_HEADER = YES;
				GCC_PREFIX_HEADER = Prefix.pch;
				INFOPLIST_FILE = Resources/Preferences/Info.plist;
				INSTALL_PATH = "$(HOME)/Library/Bundles";
				OTHER_LDFLAGS = (
					"-undefined",
					dynamic_lookup,
				);
				PRODUCT_NAME = DiscPublishingPreferences;
				WRAPPER_EXTENSION = prefPane;
			};
			name = Development;
		};
		59EBE42212B8A8B500809C61 /* Development */ = {
			isa = XCBuildConfiguration;
			buildSettings = {
				COPY_PHASE_STRIP = NO;
				GCC_DYNAMIC_NO_PIC = NO;
				GCC_OPTIMIZATION_LEVEL = 0;
				PRODUCT_NAME = "Unzip Libs";
			};
			name = Development;
		};
		CE6A9A9108AC841300D0C1EE /* Development */ = {
			isa = XCBuildConfiguration;
			buildSettings = {
				COPY_PHASE_STRIP = NO;
				DEBUGGING_SYMBOLS = YES;
				FRAMEWORK_SEARCH_PATHS = (
					"$(inherited)",
					"\"$(SRCROOT)/Libs\"",
				);
				GCC_DYNAMIC_NO_PIC = NO;
				GCC_ENABLE_TRIGRAPHS = NO;
				GCC_GENERATE_DEBUGGING_SYMBOLS = YES;
				GCC_OPTIMIZATION_LEVEL = 0;
				GCC_PRECOMPILE_PREFIX_HEADER = YES;
				GCC_PREFIX_HEADER = Prefix.pch;
				GCC_WARN_FOUR_CHARACTER_CONSTANTS = NO;
				GCC_WARN_UNKNOWN_PRAGMAS = NO;
				INFOPLIST_FILE = Resources/Info.plist;
				INSTALL_PATH = "@executable_path/../Plug-ins";
				LIBRARY_STYLE = Bundle;
				OTHER_CFLAGS = "";
				OTHER_LDFLAGS = (
					"-undefined",
					dynamic_lookup,
				);
				OTHER_REZFLAGS = "";
				PRODUCT_NAME = DiscPublishing;
				SECTORDER_FLAGS = "";
				WARNING_CFLAGS = (
					"-Wmost",
					"-Wno-four-char-constants",
					"-Wno-unknown-pragmas",
				);
				WRAPPER_EXTENSION = osirixplugin;
				ZERO_LINK = NO;
			};
			name = Development;
		};
		CE6A9A9508AC841300D0C1EE /* Development */ = {
			isa = XCBuildConfiguration;
			buildSettings = {
				ARCHS = "$(ARCHS_STANDARD_32_64_BIT)";
				FRAMEWORK_SEARCH_PATHS = (
					"\"$(SDKROOT)/System/Library/Frameworks\"",
					"\"$(SRCROOT)/Libs\"",
					"\"$(SRCROOT)/../../osirix-trunk/build/Development\"",
				);
				GCC_VERSION = com.apple.compilers.llvmgcc42;
				SDKROOT = macosx10.6;
			};
			name = Development;
		};
/* End XCBuildConfiguration section */

/* Begin XCConfigurationList section */
		5900F65811906667001E899B /* Build configuration list for PBXNativeTarget "DiscPublishingTool" */ = {
			isa = XCConfigurationList;
			buildConfigurations = (
				5900F65611906667001E899B /* Development */,
			);
			defaultConfigurationIsVisible = 0;
			defaultConfigurationName = Development;
		};
		59BDFB951185B795007F1F2C /* Build configuration list for PBXNativeTarget "DiscPublishingPreferences" */ = {
			isa = XCConfigurationList;
			buildConfigurations = (
				59BDFB921185B795007F1F2C /* Development */,
			);
			defaultConfigurationIsVisible = 0;
			defaultConfigurationName = Development;
		};
		59EBE42E12B8A8E100809C61 /* Build configuration list for PBXAggregateTarget "Unzip Libs" */ = {
			isa = XCConfigurationList;
			buildConfigurations = (
				59EBE42212B8A8B500809C61 /* Development */,
			);
			defaultConfigurationIsVisible = 0;
			defaultConfigurationName = Development;
		};
		CE6A9A9008AC841300D0C1EE /* Build configuration list for PBXNativeTarget "DiscPublishing" */ = {
			isa = XCConfigurationList;
			buildConfigurations = (
				CE6A9A9108AC841300D0C1EE /* Development */,
			);
			defaultConfigurationIsVisible = 0;
			defaultConfigurationName = Development;
		};
		CE6A9A9408AC841300D0C1EE /* Build configuration list for PBXProject "DiscPublishing" */ = {
			isa = XCConfigurationList;
			buildConfigurations = (
				CE6A9A9508AC841300D0C1EE /* Development */,
			);
			defaultConfigurationIsVisible = 0;
			defaultConfigurationName = Development;
		};
/* End XCConfigurationList section */
	};
	rootObject = 089C1669FE841209C02AAC07 /* Project object */;
}
