// !$*UTF8*$!
{
	archiveVersion = 1;
	classes = {
	};
	objectVersion = 46;
	objects = {

/* Begin PBXBuildFile section */
		597131A30FA6F7E100FA0701 /* ROI_Enhancement_II.h in Headers */ = {isa = PBXBuildFile; fileRef = 597131970FA6F7E100FA0701 /* ROI_Enhancement_II.h */; };
		597131A40FA6F7E100FA0701 /* ROI_Enhancement_II.mm in Sources */ = {isa = PBXBuildFile; fileRef = 597131980FA6F7E100FA0701 /* ROI_Enhancement_II.mm */; };
		597715800FA97FE3003CBDE8 /* Interface.xib in Resources */ = {isa = PBXBuildFile; fileRef = 5977157F0FA97FE3003CBDE8 /* Interface.xib */; };
		598960770F9EFBE200BEFEE4 /* GRAreaDataSet.h in Headers */ = {isa = PBXBuildFile; fileRef = 5989606F0F9EFBE200BEFEE4 /* GRAreaDataSet.h */; };
		598960780F9EFBE200BEFEE4 /* GRAxes.h in Headers */ = {isa = PBXBuildFile; fileRef = 598960700F9EFBE200BEFEE4 /* GRAxes.h */; };
		598960790F9EFBE200BEFEE4 /* GRChartView.h in Headers */ = {isa = PBXBuildFile; fileRef = 598960710F9EFBE200BEFEE4 /* GRChartView.h */; };
		5989607A0F9EFBE200BEFEE4 /* GRColumnDataSet.h in Headers */ = {isa = PBXBuildFile; fileRef = 598960720F9EFBE200BEFEE4 /* GRColumnDataSet.h */; };
		5989607B0F9EFBE200BEFEE4 /* GRDataSet.h in Headers */ = {isa = PBXBuildFile; fileRef = 598960730F9EFBE200BEFEE4 /* GRDataSet.h */; };
		5989607C0F9EFBE200BEFEE4 /* GRLineDataSet.h in Headers */ = {isa = PBXBuildFile; fileRef = 598960740F9EFBE200BEFEE4 /* GRLineDataSet.h */; };
		5989607D0F9EFBE200BEFEE4 /* GRPieDataSet.h in Headers */ = {isa = PBXBuildFile; fileRef = 598960750F9EFBE200BEFEE4 /* GRPieDataSet.h */; };
		5989607E0F9EFBE200BEFEE4 /* GRXYDataSet.h in Headers */ = {isa = PBXBuildFile; fileRef = 598960760F9EFBE200BEFEE4 /* GRXYDataSet.h */; };
		59C72CEF0FCD905300430BD9 /* ROI_Enhancement_II.pch in Headers */ = {isa = PBXBuildFile; fileRef = 59C72CEE0FCD905300430BD9 /* ROI_Enhancement_II.pch */; };
		59F9B31A10C95AC5008A6EF1 /* RoiEnhancementAreaDataSet.h in Headers */ = {isa = PBXBuildFile; fileRef = 59F9B30C10C95AC5008A6EF1 /* RoiEnhancementAreaDataSet.h */; };
		59F9B31B10C95AC5008A6EF1 /* RoiEnhancementAreaDataSet.mm in Sources */ = {isa = PBXBuildFile; fileRef = 59F9B30D10C95AC5008A6EF1 /* RoiEnhancementAreaDataSet.mm */; };
		59F9B31C10C95AC5008A6EF1 /* RoiEnhancementChart.h in Headers */ = {isa = PBXBuildFile; fileRef = 59F9B30E10C95AC5008A6EF1 /* RoiEnhancementChart.h */; };
		59F9B31D10C95AC5008A6EF1 /* RoiEnhancementChart.mm in Sources */ = {isa = PBXBuildFile; fileRef = 59F9B30F10C95AC5008A6EF1 /* RoiEnhancementChart.mm */; };
		59F9B31E10C95AC5008A6EF1 /* RoiEnhancementDicomSaveDialog.h in Headers */ = {isa = PBXBuildFile; fileRef = 59F9B31010C95AC5008A6EF1 /* RoiEnhancementDicomSaveDialog.h */; };
		59F9B31F10C95AC5008A6EF1 /* RoiEnhancementDicomSaveDialog.mm in Sources */ = {isa = PBXBuildFile; fileRef = 59F9B31110C95AC5008A6EF1 /* RoiEnhancementDicomSaveDialog.mm */; };
		59F9B32010C95AC5008A6EF1 /* RoiEnhancementInterface.h in Headers */ = {isa = PBXBuildFile; fileRef = 59F9B31210C95AC5008A6EF1 /* RoiEnhancementInterface.h */; };
		59F9B32110C95AC5008A6EF1 /* RoiEnhancementInterface.mm in Sources */ = {isa = PBXBuildFile; fileRef = 59F9B31310C95AC5008A6EF1 /* RoiEnhancementInterface.mm */; };
		59F9B32210C95AC5008A6EF1 /* RoiEnhancementOptions.h in Headers */ = {isa = PBXBuildFile; fileRef = 59F9B31410C95AC5008A6EF1 /* RoiEnhancementOptions.h */; };
		59F9B32310C95AC5008A6EF1 /* RoiEnhancementOptions.mm in Sources */ = {isa = PBXBuildFile; fileRef = 59F9B31510C95AC5008A6EF1 /* RoiEnhancementOptions.mm */; };
		59F9B32410C95AC5008A6EF1 /* RoiEnhancementROIList.h in Headers */ = {isa = PBXBuildFile; fileRef = 59F9B31610C95AC5008A6EF1 /* RoiEnhancementROIList.h */; };
		59F9B32510C95AC5008A6EF1 /* RoiEnhancementROIList.mm in Sources */ = {isa = PBXBuildFile; fileRef = 59F9B31710C95AC5008A6EF1 /* RoiEnhancementROIList.mm */; };
		59F9B32610C95AC5008A6EF1 /* RoiEnhancementUserDefaults.h in Headers */ = {isa = PBXBuildFile; fileRef = 59F9B31810C95AC5008A6EF1 /* RoiEnhancementUserDefaults.h */; };
		59F9B32710C95AC5008A6EF1 /* RoiEnhancementUserDefaults.mm in Sources */ = {isa = PBXBuildFile; fileRef = 59F9B31910C95AC5008A6EF1 /* RoiEnhancementUserDefaults.mm */; };
		59F9B32A10C95ACE008A6EF1 /* RoiEnhancementSplitView.h in Headers */ = {isa = PBXBuildFile; fileRef = 59F9B32810C95ACE008A6EF1 /* RoiEnhancementSplitView.h */; };
		59F9B32B10C95ACE008A6EF1 /* RoiEnhancementSplitView.mm in Sources */ = {isa = PBXBuildFile; fileRef = 59F9B32910C95ACE008A6EF1 /* RoiEnhancementSplitView.mm */; };
		84778FD61CF8A3B600B30792 /* OsiriXAPI.framework in Frameworks */ = {isa = PBXBuildFile; fileRef = 84778FD51CF8A3B600B30792 /* OsiriXAPI.framework */; };
		8D5B49B4048680CD000E48DA /* Cocoa.framework in Frameworks */ = {isa = PBXBuildFile; fileRef = 1058C7ADFEA557BF11CA2CBB /* Cocoa.framework */; };
		CE6579A51AC6A0AB00E84D44 /* GraphKit.framework in Frameworks */ = {isa = PBXBuildFile; fileRef = CE6579A41AC6A0AB00E84D44 /* GraphKit.framework */; };
/* End PBXBuildFile section */

/* Begin PBXFileReference section */
		089C1672FE841209C02AAC07 /* Foundation.framework */ = {isa = PBXFileReference; lastKnownFileType = wrapper.framework; name = Foundation.framework; path = /System/Library/Frameworks/Foundation.framework; sourceTree = "<absolute>"; };
		089C167FFE841241C02AAC07 /* AppKit.framework */ = {isa = PBXFileReference; lastKnownFileType = wrapper.framework; name = AppKit.framework; path = /System/Library/Frameworks/AppKit.framework; sourceTree = "<absolute>"; };
		1058C7ADFEA557BF11CA2CBB /* Cocoa.framework */ = {isa = PBXFileReference; lastKnownFileType = wrapper.framework; name = Cocoa.framework; path = /System/Library/Frameworks/Cocoa.framework; sourceTree = "<absolute>"; };
		597131970FA6F7E100FA0701 /* ROI_Enhancement_II.h */ = {isa = PBXFileReference; fileEncoding = 4; lastKnownFileType = sourcecode.c.h; name = ROI_Enhancement_II.h; path = Sources/ROI_Enhancement_II.h; sourceTree = "<group>"; };
		597131980FA6F7E100FA0701 /* ROI_Enhancement_II.mm */ = {isa = PBXFileReference; fileEncoding = 4; lastKnownFileType = sourcecode.cpp.objcpp; name = ROI_Enhancement_II.mm; path = Sources/ROI_Enhancement_II.mm; sourceTree = "<group>"; };
		5977157D0FA97FD3003CBDE8 /* Info.plist */ = {isa = PBXFileReference; fileEncoding = 4; lastKnownFileType = text.plist.xml; name = Info.plist; path = Resources/Info.plist; sourceTree = "<group>"; };
		5977157F0FA97FE3003CBDE8 /* Interface.xib */ = {isa = PBXFileReference; lastKnownFileType = file.xib; name = Interface.xib; path = Resources/Interface.xib; sourceTree = "<group>"; };
		5989606F0F9EFBE200BEFEE4 /* GRAreaDataSet.h */ = {isa = PBXFileReference; fileEncoding = 4; lastKnownFileType = sourcecode.c.h; path = GRAreaDataSet.h; sourceTree = "<group>"; };
		598960700F9EFBE200BEFEE4 /* GRAxes.h */ = {isa = PBXFileReference; fileEncoding = 4; lastKnownFileType = sourcecode.c.h; path = GRAxes.h; sourceTree = "<group>"; };
		598960710F9EFBE200BEFEE4 /* GRChartView.h */ = {isa = PBXFileReference; fileEncoding = 4; lastKnownFileType = sourcecode.c.h; path = GRChartView.h; sourceTree = "<group>"; };
		598960720F9EFBE200BEFEE4 /* GRColumnDataSet.h */ = {isa = PBXFileReference; fileEncoding = 4; lastKnownFileType = sourcecode.c.h; path = GRColumnDataSet.h; sourceTree = "<group>"; };
		598960730F9EFBE200BEFEE4 /* GRDataSet.h */ = {isa = PBXFileReference; fileEncoding = 4; lastKnownFileType = sourcecode.c.h; path = GRDataSet.h; sourceTree = "<group>"; };
		598960740F9EFBE200BEFEE4 /* GRLineDataSet.h */ = {isa = PBXFileReference; fileEncoding = 4; lastKnownFileType = sourcecode.c.h; path = GRLineDataSet.h; sourceTree = "<group>"; };
		598960750F9EFBE200BEFEE4 /* GRPieDataSet.h */ = {isa = PBXFileReference; fileEncoding = 4; lastKnownFileType = sourcecode.c.h; path = GRPieDataSet.h; sourceTree = "<group>"; };
		598960760F9EFBE200BEFEE4 /* GRXYDataSet.h */ = {isa = PBXFileReference; fileEncoding = 4; lastKnownFileType = sourcecode.c.h; path = GRXYDataSet.h; sourceTree = "<group>"; };
		59C72CEE0FCD905300430BD9 /* ROI_Enhancement_II.pch */ = {isa = PBXFileReference; fileEncoding = 4; lastKnownFileType = sourcecode.c.h; name = ROI_Enhancement_II.pch; path = Sources/ROI_Enhancement_II.pch; sourceTree = "<group>"; };
		59F9B30C10C95AC5008A6EF1 /* RoiEnhancementAreaDataSet.h */ = {isa = PBXFileReference; fileEncoding = 4; lastKnownFileType = sourcecode.c.h; name = RoiEnhancementAreaDataSet.h; path = Sources/RoiEnhancementAreaDataSet.h; sourceTree = "<group>"; };
		59F9B30D10C95AC5008A6EF1 /* RoiEnhancementAreaDataSet.mm */ = {isa = PBXFileReference; fileEncoding = 4; lastKnownFileType = sourcecode.cpp.objcpp; name = RoiEnhancementAreaDataSet.mm; path = Sources/RoiEnhancementAreaDataSet.mm; sourceTree = "<group>"; };
		59F9B30E10C95AC5008A6EF1 /* RoiEnhancementChart.h */ = {isa = PBXFileReference; fileEncoding = 4; lastKnownFileType = sourcecode.c.h; name = RoiEnhancementChart.h; path = Sources/RoiEnhancementChart.h; sourceTree = "<group>"; };
		59F9B30F10C95AC5008A6EF1 /* RoiEnhancementChart.mm */ = {isa = PBXFileReference; fileEncoding = 4; lastKnownFileType = sourcecode.cpp.objcpp; name = RoiEnhancementChart.mm; path = Sources/RoiEnhancementChart.mm; sourceTree = "<group>"; };
		59F9B31010C95AC5008A6EF1 /* RoiEnhancementDicomSaveDialog.h */ = {isa = PBXFileReference; fileEncoding = 4; lastKnownFileType = sourcecode.c.h; name = RoiEnhancementDicomSaveDialog.h; path = Sources/RoiEnhancementDicomSaveDialog.h; sourceTree = "<group>"; };
		59F9B31110C95AC5008A6EF1 /* RoiEnhancementDicomSaveDialog.mm */ = {isa = PBXFileReference; fileEncoding = 4; lastKnownFileType = sourcecode.cpp.objcpp; name = RoiEnhancementDicomSaveDialog.mm; path = Sources/RoiEnhancementDicomSaveDialog.mm; sourceTree = "<group>"; };
		59F9B31210C95AC5008A6EF1 /* RoiEnhancementInterface.h */ = {isa = PBXFileReference; fileEncoding = 4; lastKnownFileType = sourcecode.c.h; name = RoiEnhancementInterface.h; path = Sources/RoiEnhancementInterface.h; sourceTree = "<group>"; };
		59F9B31310C95AC5008A6EF1 /* RoiEnhancementInterface.mm */ = {isa = PBXFileReference; fileEncoding = 4; lastKnownFileType = sourcecode.cpp.objcpp; name = RoiEnhancementInterface.mm; path = Sources/RoiEnhancementInterface.mm; sourceTree = "<group>"; };
		59F9B31410C95AC5008A6EF1 /* RoiEnhancementOptions.h */ = {isa = PBXFileReference; fileEncoding = 4; lastKnownFileType = sourcecode.c.h; name = RoiEnhancementOptions.h; path = Sources/RoiEnhancementOptions.h; sourceTree = "<group>"; };
		59F9B31510C95AC5008A6EF1 /* RoiEnhancementOptions.mm */ = {isa = PBXFileReference; fileEncoding = 4; lastKnownFileType = sourcecode.cpp.objcpp; name = RoiEnhancementOptions.mm; path = Sources/RoiEnhancementOptions.mm; sourceTree = "<group>"; };
		59F9B31610C95AC5008A6EF1 /* RoiEnhancementROIList.h */ = {isa = PBXFileReference; fileEncoding = 4; lastKnownFileType = sourcecode.c.h; name = RoiEnhancementROIList.h; path = Sources/RoiEnhancementROIList.h; sourceTree = "<group>"; };
		59F9B31710C95AC5008A6EF1 /* RoiEnhancementROIList.mm */ = {isa = PBXFileReference; fileEncoding = 4; lastKnownFileType = sourcecode.cpp.objcpp; name = RoiEnhancementROIList.mm; path = Sources/RoiEnhancementROIList.mm; sourceTree = "<group>"; };
		59F9B31810C95AC5008A6EF1 /* RoiEnhancementUserDefaults.h */ = {isa = PBXFileReference; fileEncoding = 4; lastKnownFileType = sourcecode.c.h; name = RoiEnhancementUserDefaults.h; path = Sources/RoiEnhancementUserDefaults.h; sourceTree = "<group>"; };
		59F9B31910C95AC5008A6EF1 /* RoiEnhancementUserDefaults.mm */ = {isa = PBXFileReference; fileEncoding = 4; lastKnownFileType = sourcecode.cpp.objcpp; name = RoiEnhancementUserDefaults.mm; path = Sources/RoiEnhancementUserDefaults.mm; sourceTree = "<group>"; };
		59F9B32810C95ACE008A6EF1 /* RoiEnhancementSplitView.h */ = {isa = PBXFileReference; fileEncoding = 4; lastKnownFileType = sourcecode.c.h; path = RoiEnhancementSplitView.h; sourceTree = "<group>"; };
		59F9B32910C95ACE008A6EF1 /* RoiEnhancementSplitView.mm */ = {isa = PBXFileReference; fileEncoding = 4; lastKnownFileType = sourcecode.cpp.objcpp; path = RoiEnhancementSplitView.mm; sourceTree = "<group>"; };
		84778FD51CF8A3B600B30792 /* OsiriXAPI.framework */ = {isa = PBXFileReference; lastKnownFileType = wrapper.framework; name = OsiriXAPI.framework; path = ../../osirix/build/Development/OsiriXAPI.framework; sourceTree = "<group>"; };
		AB5D36050680E57E00F4007A /* ROI-Enhancement.osirixplugin */ = {isa = PBXFileReference; explicitFileType = wrapper.cfbundle; includeInIndex = 0; path = "ROI-Enhancement.osirixplugin"; sourceTree = BUILT_PRODUCTS_DIR; };
		CE6579A41AC6A0AB00E84D44 /* GraphKit.framework */ = {isa = PBXFileReference; lastKnownFileType = wrapper.framework; name = GraphKit.framework; path = ../../../../System/Library/PrivateFrameworks/GraphKit.framework; sourceTree = "<group>"; };
/* End PBXFileReference section */

/* Begin PBXFrameworksBuildPhase section */
		8D5B49B3048680CD000E48DA /* Frameworks */ = {
			isa = PBXFrameworksBuildPhase;
			buildActionMask = 2147483647;
			files = (
				84778FD61CF8A3B600B30792 /* OsiriXAPI.framework in Frameworks */,
				CE6579A51AC6A0AB00E84D44 /* GraphKit.framework in Frameworks */,
				8D5B49B4048680CD000E48DA /* Cocoa.framework in Frameworks */,
			);
			runOnlyForDeploymentPostprocessing = 0;
		};
/* End PBXFrameworksBuildPhase section */

/* Begin PBXGroup section */
		089C166AFE841209C02AAC07 /* ROI */ = {
			isa = PBXGroup;
			children = (
				5977157D0FA97FD3003CBDE8 /* Info.plist */,
				59C72CEE0FCD905300430BD9 /* ROI_Enhancement_II.pch */,
				08FB77AFFE84173DC02AAC07 /* Classes */,
				089C167CFE841241C02AAC07 /* Resources */,
				089C1671FE841209C02AAC07 /* Frameworks and Libraries */,
				19C28FB8FE9D52D311CA2CBB /* Products */,
			);
			name = ROI;
			sourceTree = "<group>";
		};
		089C1671FE841209C02AAC07 /* Frameworks and Libraries */ = {
			isa = PBXGroup;
			children = (
				5989606E0F9EFBE200BEFEE4 /* GraphKit Headers */,
				1058C7ACFEA557BF11CA2CBB /* Linked Frameworks */,
				1058C7AEFEA557BF11CA2CBB /* Other Frameworks */,
			);
			name = "Frameworks and Libraries";
			sourceTree = "<group>";
		};
		089C167CFE841241C02AAC07 /* Resources */ = {
			isa = PBXGroup;
			children = (
				5977157F0FA97FE3003CBDE8 /* Interface.xib */,
			);
			name = Resources;
			sourceTree = "<group>";
		};
		08FB77AFFE84173DC02AAC07 /* Classes */ = {
			isa = PBXGroup;
			children = (
				597131970FA6F7E100FA0701 /* ROI_Enhancement_II.h */,
				597131980FA6F7E100FA0701 /* ROI_Enhancement_II.mm */,
				59F9B30C10C95AC5008A6EF1 /* RoiEnhancementAreaDataSet.h */,
				59F9B30D10C95AC5008A6EF1 /* RoiEnhancementAreaDataSet.mm */,
				59F9B30E10C95AC5008A6EF1 /* RoiEnhancementChart.h */,
				59F9B30F10C95AC5008A6EF1 /* RoiEnhancementChart.mm */,
				59F9B31010C95AC5008A6EF1 /* RoiEnhancementDicomSaveDialog.h */,
				59F9B31110C95AC5008A6EF1 /* RoiEnhancementDicomSaveDialog.mm */,
				59F9B31210C95AC5008A6EF1 /* RoiEnhancementInterface.h */,
				59F9B31310C95AC5008A6EF1 /* RoiEnhancementInterface.mm */,
				59F9B31410C95AC5008A6EF1 /* RoiEnhancementOptions.h */,
				59F9B31510C95AC5008A6EF1 /* RoiEnhancementOptions.mm */,
				59F9B31610C95AC5008A6EF1 /* RoiEnhancementROIList.h */,
				59F9B31710C95AC5008A6EF1 /* RoiEnhancementROIList.mm */,
				59F9B31810C95AC5008A6EF1 /* RoiEnhancementUserDefaults.h */,
				59F9B31910C95AC5008A6EF1 /* RoiEnhancementUserDefaults.mm */,
				596DB80E0FAF0BD400FEE841 /* Views */,
			);
			name = Classes;
			sourceTree = "<group>";
		};
		1058C7ACFEA557BF11CA2CBB /* Linked Frameworks */ = {
			isa = PBXGroup;
			children = (
				1058C7ADFEA557BF11CA2CBB /* Cocoa.framework */,
			);
			name = "Linked Frameworks";
			sourceTree = "<group>";
		};
		1058C7AEFEA557BF11CA2CBB /* Other Frameworks */ = {
			isa = PBXGroup;
			children = (
				84778FD51CF8A3B600B30792 /* OsiriXAPI.framework */,
				CE6579A41AC6A0AB00E84D44 /* GraphKit.framework */,
				089C1672FE841209C02AAC07 /* Foundation.framework */,
				089C167FFE841241C02AAC07 /* AppKit.framework */,
			);
			name = "Other Frameworks";
			sourceTree = "<group>";
		};
		19C28FB8FE9D52D311CA2CBB /* Products */ = {
			isa = PBXGroup;
			children = (
				AB5D36050680E57E00F4007A /* ROI-Enhancement.osirixplugin */,
			);
			name = Products;
			sourceTree = "<group>";
		};
		596DB80E0FAF0BD400FEE841 /* Views */ = {
			isa = PBXGroup;
			children = (
				59F9B32810C95ACE008A6EF1 /* RoiEnhancementSplitView.h */,
				59F9B32910C95ACE008A6EF1 /* RoiEnhancementSplitView.mm */,
			);
			name = Views;
			path = Sources/Views;
			sourceTree = "<group>";
		};
		5989606E0F9EFBE200BEFEE4 /* GraphKit Headers */ = {
			isa = PBXGroup;
			children = (
				5989606F0F9EFBE200BEFEE4 /* GRAreaDataSet.h */,
				598960700F9EFBE200BEFEE4 /* GRAxes.h */,
				598960710F9EFBE200BEFEE4 /* GRChartView.h */,
				598960720F9EFBE200BEFEE4 /* GRColumnDataSet.h */,
				598960730F9EFBE200BEFEE4 /* GRDataSet.h */,
				598960740F9EFBE200BEFEE4 /* GRLineDataSet.h */,
				598960750F9EFBE200BEFEE4 /* GRPieDataSet.h */,
				598960760F9EFBE200BEFEE4 /* GRXYDataSet.h */,
			);
			name = "GraphKit Headers";
			path = Frameworks/GraphKit/Headers;
			sourceTree = "<group>";
		};
/* End PBXGroup section */

/* Begin PBXHeadersBuildPhase section */
		8D5B49AD048680CD000E48DA /* Headers */ = {
			isa = PBXHeadersBuildPhase;
			buildActionMask = 2147483647;
			files = (
				598960770F9EFBE200BEFEE4 /* GRAreaDataSet.h in Headers */,
				598960780F9EFBE200BEFEE4 /* GRAxes.h in Headers */,
				598960790F9EFBE200BEFEE4 /* GRChartView.h in Headers */,
				5989607A0F9EFBE200BEFEE4 /* GRColumnDataSet.h in Headers */,
				5989607B0F9EFBE200BEFEE4 /* GRDataSet.h in Headers */,
				5989607C0F9EFBE200BEFEE4 /* GRLineDataSet.h in Headers */,
				5989607D0F9EFBE200BEFEE4 /* GRPieDataSet.h in Headers */,
				5989607E0F9EFBE200BEFEE4 /* GRXYDataSet.h in Headers */,
				597131A30FA6F7E100FA0701 /* ROI_Enhancement_II.h in Headers */,
				59C72CEF0FCD905300430BD9 /* ROI_Enhancement_II.pch in Headers */,
				59F9B31A10C95AC5008A6EF1 /* RoiEnhancementAreaDataSet.h in Headers */,
				59F9B31C10C95AC5008A6EF1 /* RoiEnhancementChart.h in Headers */,
				59F9B31E10C95AC5008A6EF1 /* RoiEnhancementDicomSaveDialog.h in Headers */,
				59F9B32010C95AC5008A6EF1 /* RoiEnhancementInterface.h in Headers */,
				59F9B32210C95AC5008A6EF1 /* RoiEnhancementOptions.h in Headers */,
				59F9B32410C95AC5008A6EF1 /* RoiEnhancementROIList.h in Headers */,
				59F9B32610C95AC5008A6EF1 /* RoiEnhancementUserDefaults.h in Headers */,
				59F9B32A10C95ACE008A6EF1 /* RoiEnhancementSplitView.h in Headers */,
			);
			runOnlyForDeploymentPostprocessing = 0;
		};
/* End PBXHeadersBuildPhase section */

/* Begin PBXNativeTarget section */
		8D5B49AC048680CD000E48DA /* ROI Enhancement II */ = {
			isa = PBXNativeTarget;
			buildConfigurationList = CE6A9A9008AC841300D0C1EE /* Build configuration list for PBXNativeTarget "ROI Enhancement II" */;
			buildPhases = (
				8D5B49AD048680CD000E48DA /* Headers */,
				8D5B49AF048680CD000E48DA /* Resources */,
				8D5B49B1048680CD000E48DA /* Sources */,
				8D5B49B3048680CD000E48DA /* Frameworks */,
				8D5B49B5048680CD000E48DA /* Rez */,
			);
			buildRules = (
			);
			dependencies = (
			);
			name = "ROI Enhancement II";
			productInstallPath = "$(HOME)/Library/Bundles";
			productName = Invert;
			productReference = AB5D36050680E57E00F4007A /* ROI-Enhancement.osirixplugin */;
			productType = "com.apple.product-type.bundle";
		};
/* End PBXNativeTarget section */

/* Begin PBXProject section */
		089C1669FE841209C02AAC07 /* Project object */ = {
			isa = PBXProject;
			attributes = {
				LastUpgradeCheck = 0410;
			};
			buildConfigurationList = CE6A9A9408AC841300D0C1EE /* Build configuration list for PBXProject "ROI Enhancement II" */;
			compatibilityVersion = "Xcode 3.2";
			developmentRegion = English;
			hasScannedForEncodings = 1;
			knownRegions = (
				English,
				Japanese,
				French,
				German,
			);
			mainGroup = 089C166AFE841209C02AAC07 /* ROI */;
			projectDirPath = "";
			projectRoot = "";
			targets = (
				8D5B49AC048680CD000E48DA /* ROI Enhancement II */,
			);
		};
/* End PBXProject section */

/* Begin PBXResourcesBuildPhase section */
		8D5B49AF048680CD000E48DA /* Resources */ = {
			isa = PBXResourcesBuildPhase;
			buildActionMask = 2147483647;
			files = (
				597715800FA97FE3003CBDE8 /* Interface.xib in Resources */,
			);
			runOnlyForDeploymentPostprocessing = 0;
		};
/* End PBXResourcesBuildPhase section */

/* Begin PBXRezBuildPhase section */
		8D5B49B5048680CD000E48DA /* Rez */ = {
			isa = PBXRezBuildPhase;
			buildActionMask = 2147483647;
			files = (
			);
			runOnlyForDeploymentPostprocessing = 0;
		};
/* End PBXRezBuildPhase section */

/* Begin PBXSourcesBuildPhase section */
		8D5B49B1048680CD000E48DA /* Sources */ = {
			isa = PBXSourcesBuildPhase;
			buildActionMask = 2147483647;
			files = (
				597131A40FA6F7E100FA0701 /* ROI_Enhancement_II.mm in Sources */,
				59F9B31B10C95AC5008A6EF1 /* RoiEnhancementAreaDataSet.mm in Sources */,
				59F9B31D10C95AC5008A6EF1 /* RoiEnhancementChart.mm in Sources */,
				59F9B31F10C95AC5008A6EF1 /* RoiEnhancementDicomSaveDialog.mm in Sources */,
				59F9B32110C95AC5008A6EF1 /* RoiEnhancementInterface.mm in Sources */,
				59F9B32310C95AC5008A6EF1 /* RoiEnhancementOptions.mm in Sources */,
				59F9B32510C95AC5008A6EF1 /* RoiEnhancementROIList.mm in Sources */,
				59F9B32710C95AC5008A6EF1 /* RoiEnhancementUserDefaults.mm in Sources */,
				59F9B32B10C95ACE008A6EF1 /* RoiEnhancementSplitView.mm in Sources */,
			);
			runOnlyForDeploymentPostprocessing = 0;
		};
/* End PBXSourcesBuildPhase section */

/* Begin XCBuildConfiguration section */
		ABF52CF80FC189810094B252 /* Deployment */ = {
			isa = XCBuildConfiguration;
			buildSettings = {
				ARCHS = "$(ARCHS_STANDARD_32_64_BIT)";
				MACOSX_DEPLOYMENT_TARGET = 10.9;
			};
			name = Deployment;
		};
		ABF52CF90FC189810094B252 /* Deployment */ = {
			isa = XCBuildConfiguration;
			buildSettings = {
				ARCHS_STANDARD_32_64_BIT_PRE_XCODE_3_1 = "ppc i386 ppc64 x86_64";
				COPY_PHASE_STRIP = YES;
				DEAD_CODE_STRIPPING = YES;
				EXECUTABLE_EXTENSION = osirixplugin;
				FRAMEWORK_SEARCH_PATHS = (
					"$(inherited)",
					"$(SYSTEM_LIBRARY_DIR)/PrivateFrameworks",
					"\"$(OSIRIX_SRC)/build/Development\"",
				);
				GCC_C_LANGUAGE_STANDARD = "compiler-default";
				GCC_DYNAMIC_NO_PIC = NO;
				GCC_ENABLE_TRIGRAPHS = NO;
				GCC_GENERATE_DEBUGGING_SYMBOLS = NO;
				GCC_OPTIMIZATION_LEVEL = 3;
				GCC_PRECOMPILE_PREFIX_HEADER = YES;
				GCC_PREFIX_HEADER = Sources/ROI_Enhancement_II.pch;
				GCC_WARN_ABOUT_RETURN_TYPE = YES;
				GCC_WARN_FOUR_CHARACTER_CONSTANTS = NO;
				GCC_WARN_UNKNOWN_PRAGMAS = NO;
				GCC_WARN_UNUSED_VARIABLE = YES;
				HEADER_SEARCH_PATHS = "\"$(OSIRIX_SRC)/build/Development/OsiriXAPI.framework\"";
				INFOPLIST_FILE = Resources/Info.plist;
				INSTALL_PATH = "";
				LIBRARY_SEARCH_PATHS = "";
				LIBRARY_STYLE = Bundle;
				ONLY_ACTIVE_ARCH = NO;
				OTHER_CFLAGS = "";
				OTHER_LDFLAGS = (
					"-undefined",
					dynamic_lookup,
				);
				OTHER_REZFLAGS = "";
				PRODUCT_NAME = "ROI-Enhancement";
				SECTORDER_FLAGS = "";
				USER_HEADER_SEARCH_PATHS = "";
				WARNING_CFLAGS = (
					"-Wmost",
					"-Wno-four-char-constants",
					"-Wno-unknown-pragmas",
				);
				WRAPPER_EXTENSION = osirixplugin;
				ZERO_LINK = NO;
			};
			name = Deployment;
		};
		CE6A9A9108AC841300D0C1EE /* Development */ = {
			isa = XCBuildConfiguration;
			buildSettings = {
				COPY_PHASE_STRIP = YES;
				EXECUTABLE_EXTENSION = osirixplugin;
				FRAMEWORK_SEARCH_PATHS = (
					"$(inherited)",
					"$(SYSTEM_LIBRARY_DIR)/PrivateFrameworks",
					"\"$(OSIRIX_SRC)/build/Development\"",
				);
				GCC_C_LANGUAGE_STANDARD = "compiler-default";
				GCC_DYNAMIC_NO_PIC = NO;
				GCC_ENABLE_TRIGRAPHS = NO;
				GCC_GENERATE_DEBUGGING_SYMBOLS = YES;
				GCC_OPTIMIZATION_LEVEL = 0;
				GCC_PRECOMPILE_PREFIX_HEADER = YES;
				GCC_PREFIX_HEADER = Sources/ROI_Enhancement_II.pch;
				GCC_WARN_ABOUT_RETURN_TYPE = YES;
				GCC_WARN_FOUR_CHARACTER_CONSTANTS = NO;
				GCC_WARN_UNKNOWN_PRAGMAS = NO;
				GCC_WARN_UNUSED_VARIABLE = YES;
				HEADER_SEARCH_PATHS = "\"$(OSIRIX_SRC)/build/Development/OsiriXAPI.framework\"";
				INFOPLIST_FILE = Resources/Info.plist;
				INSTALL_PATH = "";
				LIBRARY_SEARCH_PATHS = "";
				LIBRARY_STYLE = Bundle;
				ONLY_ACTIVE_ARCH = YES;
				OTHER_CFLAGS = "";
				OTHER_LDFLAGS = (
					"-undefined",
					dynamic_lookup,
				);
				OTHER_REZFLAGS = "";
				PRODUCT_NAME = "ROI-Enhancement";
				SECTORDER_FLAGS = "";
				USER_HEADER_SEARCH_PATHS = "";
				WARNING_CFLAGS = (
					"-Wmost",
					"-Wno-four-char-constants",
					"-Wno-unknown-pragmas",
				);
				WRAPPER_EXTENSION = osirixplugin;
				ZERO_LINK = NO;
			};
			name = Development;
		};
		CE6A9A9508AC841300D0C1EE /* Development */ = {
			isa = XCBuildConfiguration;
			buildSettings = {
				ARCHS = "$(ARCHS_STANDARD_32_64_BIT)";
				MACOSX_DEPLOYMENT_TARGET = 10.9;
			};
			name = Development;
		};
/* End XCBuildConfiguration section */

/* Begin XCConfigurationList section */
		CE6A9A9008AC841300D0C1EE /* Build configuration list for PBXNativeTarget "ROI Enhancement II" */ = {
			isa = XCConfigurationList;
			buildConfigurations = (
				CE6A9A9108AC841300D0C1EE /* Development */,
				ABF52CF90FC189810094B252 /* Deployment */,
			);
			defaultConfigurationIsVisible = 0;
			defaultConfigurationName = Development;
		};
		CE6A9A9408AC841300D0C1EE /* Build configuration list for PBXProject "ROI Enhancement II" */ = {
			isa = XCConfigurationList;
			buildConfigurations = (
				CE6A9A9508AC841300D0C1EE /* Development */,
				ABF52CF80FC189810094B252 /* Deployment */,
			);
			defaultConfigurationIsVisible = 0;
			defaultConfigurationName = Development;
		};
/* End XCConfigurationList section */
	};
	rootObject = 089C1669FE841209C02AAC07 /* Project object */;
}
